// !$*UTF8*$!
{
	archiveVersion = 1;
	classes = {
	};
	objectVersion = 50;
	objects = {

/* Begin PBXBuildFile section */
		BF0C4EA022A1B3BF009A2DD7 /* Uid.cpp in Sources */ = {isa = PBXBuildFile; fileRef = BF0C4E8422A1B3BE009A2DD7 /* Uid.cpp */; };
		BF0C4EA122A1B3BF009A2DD7 /* Node.cpp in Sources */ = {isa = PBXBuildFile; fileRef = BF0C4E8522A1B3BE009A2DD7 /* Node.cpp */; };
		BF0C4EA222A1B3BF009A2DD7 /* Real.cpp in Sources */ = {isa = PBXBuildFile; fileRef = BF0C4E8722A1B3BE009A2DD7 /* Real.cpp */; };
		BF0C4EA322A1B3BF009A2DD7 /* Date.cpp in Sources */ = {isa = PBXBuildFile; fileRef = BF0C4E8822A1B3BE009A2DD7 /* Date.cpp */; };
		BF0C4EA422A1B3BF009A2DD7 /* bytearray.c in Sources */ = {isa = PBXBuildFile; fileRef = BF0C4E8922A1B3BE009A2DD7 /* bytearray.c */; };
		BF0C4EA522A1B3BF009A2DD7 /* time64.c in Sources */ = {isa = PBXBuildFile; fileRef = BF0C4E8A22A1B3BE009A2DD7 /* time64.c */; };
		BF0C4EA622A1B3BF009A2DD7 /* Structure.cpp in Sources */ = {isa = PBXBuildFile; fileRef = BF0C4E8C22A1B3BE009A2DD7 /* Structure.cpp */; };
		BF0C4EA722A1B3BF009A2DD7 /* plist.c in Sources */ = {isa = PBXBuildFile; fileRef = BF0C4E8D22A1B3BE009A2DD7 /* plist.c */; };
		BF0C4EA822A1B3BF009A2DD7 /* base64.c in Sources */ = {isa = PBXBuildFile; fileRef = BF0C4E8F22A1B3BE009A2DD7 /* base64.c */; };
		BF0C4EA922A1B3BF009A2DD7 /* Array.cpp in Sources */ = {isa = PBXBuildFile; fileRef = BF0C4E9122A1B3BF009A2DD7 /* Array.cpp */; };
		BF0C4EAA22A1B3BF009A2DD7 /* xplist.c in Sources */ = {isa = PBXBuildFile; fileRef = BF0C4E9222A1B3BF009A2DD7 /* xplist.c */; };
		BF0C4EAB22A1B3BF009A2DD7 /* Boolean.cpp in Sources */ = {isa = PBXBuildFile; fileRef = BF0C4E9422A1B3BF009A2DD7 /* Boolean.cpp */; };
		BF0C4EAC22A1B3BF009A2DD7 /* bplist.c in Sources */ = {isa = PBXBuildFile; fileRef = BF0C4E9522A1B3BF009A2DD7 /* bplist.c */; };
		BF0C4EAD22A1B3BF009A2DD7 /* Key.cpp in Sources */ = {isa = PBXBuildFile; fileRef = BF0C4E9822A1B3BF009A2DD7 /* Key.cpp */; };
		BF0C4EAE22A1B3BF009A2DD7 /* Dictionary.cpp in Sources */ = {isa = PBXBuildFile; fileRef = BF0C4E9A22A1B3BF009A2DD7 /* Dictionary.cpp */; };
		BF0C4EAF22A1B3BF009A2DD7 /* Integer.cpp in Sources */ = {isa = PBXBuildFile; fileRef = BF0C4E9B22A1B3BF009A2DD7 /* Integer.cpp */; };
		BF0C4EB022A1B3BF009A2DD7 /* ptrarray.c in Sources */ = {isa = PBXBuildFile; fileRef = BF0C4E9C22A1B3BF009A2DD7 /* ptrarray.c */; };
		BF0C4EB122A1B3BF009A2DD7 /* String.cpp in Sources */ = {isa = PBXBuildFile; fileRef = BF0C4E9D22A1B3BF009A2DD7 /* String.cpp */; };
		BF0C4EB222A1B3BF009A2DD7 /* hashtable.c in Sources */ = {isa = PBXBuildFile; fileRef = BF0C4E9E22A1B3BF009A2DD7 /* hashtable.c */; };
		BF0C4EB322A1B3BF009A2DD7 /* Data.cpp in Sources */ = {isa = PBXBuildFile; fileRef = BF0C4E9F22A1B3BF009A2DD7 /* Data.cpp */; };
		BF0C4EB722A1B3CC009A2DD7 /* node.c in Sources */ = {isa = PBXBuildFile; fileRef = BF0C4EB422A1B3CC009A2DD7 /* node.c */; };
		BF0C4EB822A1B3CC009A2DD7 /* cnary.c in Sources */ = {isa = PBXBuildFile; fileRef = BF0C4EB522A1B3CC009A2DD7 /* cnary.c */; };
		BF0C4EB922A1B3CC009A2DD7 /* node_list.c in Sources */ = {isa = PBXBuildFile; fileRef = BF0C4EB622A1B3CC009A2DD7 /* node_list.c */; };
		BF17BB7322EA839500D7D842 /* UIKit.framework in Frameworks */ = {isa = PBXBuildFile; fileRef = BF17BB7222EA839400D7D842 /* UIKit.framework */; settings = {ATTRIBUTES = (Weak, ); }; };
		BF48CFEE229437580004760B /* ALTCertificateRequest.h in Headers */ = {isa = PBXBuildFile; fileRef = BF48CFEC229437580004760B /* ALTCertificateRequest.h */; };
		BF48CFF0229438C10004760B /* ALTCertificateRequest.m in Sources */ = {isa = PBXBuildFile; fileRef = BF48CFED229437580004760B /* ALTCertificateRequest.m */; };
		BF48CFF622944FC60004760B /* ALTAppID.h in Headers */ = {isa = PBXBuildFile; fileRef = BF48CFF422944FC60004760B /* ALTAppID.h */; settings = {ATTRIBUTES = (Public, ); }; };
		BF48CFF722944FC60004760B /* ALTAppID.m in Sources */ = {isa = PBXBuildFile; fileRef = BF48CFF522944FC60004760B /* ALTAppID.m */; };
		BF50E7B822C161630070E17B /* ALTAppGroup.h in Headers */ = {isa = PBXBuildFile; fileRef = BF50E7B622C161630070E17B /* ALTAppGroup.h */; settings = {ATTRIBUTES = (Public, ); }; };
		BF50E7B922C161630070E17B /* ALTAppGroup.h in Headers */ = {isa = PBXBuildFile; fileRef = BF50E7B622C161630070E17B /* ALTAppGroup.h */; settings = {ATTRIBUTES = (Public, ); }; };
		BF50E7BA22C161630070E17B /* ALTAppGroup.m in Sources */ = {isa = PBXBuildFile; fileRef = BF50E7B722C161630070E17B /* ALTAppGroup.m */; };
		BF50E7BB22C161630070E17B /* ALTAppGroup.m in Sources */ = {isa = PBXBuildFile; fileRef = BF50E7B722C161630070E17B /* ALTAppGroup.m */; };
		BF50E7BF22C163DC0070E17B /* ALTApplication.h in Headers */ = {isa = PBXBuildFile; fileRef = BF50E7BD22C163DC0070E17B /* ALTApplication.h */; settings = {ATTRIBUTES = (Public, ); }; };
		BF50E7C022C163DC0070E17B /* ALTApplication.h in Headers */ = {isa = PBXBuildFile; fileRef = BF50E7BD22C163DC0070E17B /* ALTApplication.h */; settings = {ATTRIBUTES = (Public, ); }; };
		BF50E7C122C163DC0070E17B /* ALTApplication.mm in Sources */ = {isa = PBXBuildFile; fileRef = BF50E7BE22C163DC0070E17B /* ALTApplication.mm */; };
		BF50E7C222C163DC0070E17B /* ALTApplication.mm in Sources */ = {isa = PBXBuildFile; fileRef = BF50E7BE22C163DC0070E17B /* ALTApplication.mm */; };
		BF50E7C622C169290070E17B /* alt_ldid.cpp in Sources */ = {isa = PBXBuildFile; fileRef = BF50E7C322C1690B0070E17B /* alt_ldid.cpp */; };
		BF50E7CF22C28F8B0070E17B /* ALTCapabilities.h in Headers */ = {isa = PBXBuildFile; fileRef = BF50E7CD22C28F8B0070E17B /* ALTCapabilities.h */; settings = {ATTRIBUTES = (Public, ); }; };
		BF50E7D022C28F8B0070E17B /* ALTCapabilities.h in Headers */ = {isa = PBXBuildFile; fileRef = BF50E7CD22C28F8B0070E17B /* ALTCapabilities.h */; settings = {ATTRIBUTES = (Public, ); }; };
		BF50E7D122C28F8B0070E17B /* ALTCapabilities.m in Sources */ = {isa = PBXBuildFile; fileRef = BF50E7CE22C28F8B0070E17B /* ALTCapabilities.m */; };
		BF50E7D222C28F8B0070E17B /* ALTCapabilities.m in Sources */ = {isa = PBXBuildFile; fileRef = BF50E7CE22C28F8B0070E17B /* ALTCapabilities.m */; };
		BF5AB3B5228600D100DC914B /* AltSign.h in Headers */ = {isa = PBXBuildFile; fileRef = BF5AB3B3228600D100DC914B /* AltSign.h */; settings = {ATTRIBUTES = (Public, ); }; };
		BF5AB3B92286024D00DC914B /* ALTAccount.h in Headers */ = {isa = PBXBuildFile; fileRef = BF5AB3B72286024D00DC914B /* ALTAccount.h */; settings = {ATTRIBUTES = (Public, ); }; };
		BF5AB3BA2286024D00DC914B /* ALTAccount.m in Sources */ = {isa = PBXBuildFile; fileRef = BF5AB3B82286024D00DC914B /* ALTAccount.m */; };
		BF5AB3BF2286040400DC914B /* NSError+ALTErrors.h in Headers */ = {isa = PBXBuildFile; fileRef = BF5AB3BD2286040400DC914B /* NSError+ALTErrors.h */; settings = {ATTRIBUTES = (Public, ); }; };
		BF5AB3C02286040400DC914B /* NSError+ALTErrors.m in Sources */ = {isa = PBXBuildFile; fileRef = BF5AB3BE2286040400DC914B /* NSError+ALTErrors.m */; };
		BF5AB3C52286157F00DC914B /* ALTTeam.h in Headers */ = {isa = PBXBuildFile; fileRef = BF5AB3C32286157F00DC914B /* ALTTeam.h */; settings = {ATTRIBUTES = (Public, ); }; };
		BF5AB3C62286157F00DC914B /* ALTTeam.m in Sources */ = {isa = PBXBuildFile; fileRef = BF5AB3C42286157F00DC914B /* ALTTeam.m */; };
		BF5AB3C92286269B00DC914B /* ALTDevice.h in Headers */ = {isa = PBXBuildFile; fileRef = BF5AB3C72286269B00DC914B /* ALTDevice.h */; settings = {ATTRIBUTES = (Public, ); }; };
		BF5AB3CA2286269B00DC914B /* ALTDevice.m in Sources */ = {isa = PBXBuildFile; fileRef = BF5AB3C82286269B00DC914B /* ALTDevice.m */; };
		BF5AB3CD228645DF00DC914B /* ALTCertificate.h in Headers */ = {isa = PBXBuildFile; fileRef = BF5AB3CB228645DF00DC914B /* ALTCertificate.h */; settings = {ATTRIBUTES = (Public, ); }; };
		BF5AB3CE228645DF00DC914B /* ALTCertificate.m in Sources */ = {isa = PBXBuildFile; fileRef = BF5AB3CC228645DF00DC914B /* ALTCertificate.m */; };
		BF5C690D24A5205E00C2F854 /* ccsrp.m in Sources */ = {isa = PBXBuildFile; fileRef = BF5C690C24A5205E00C2F854 /* ccsrp.m */; };
		BF5C690E24A5205E00C2F854 /* ccsrp.m in Sources */ = {isa = PBXBuildFile; fileRef = BF5C690C24A5205E00C2F854 /* ccsrp.m */; };
		BF5D43F6237F53BB00EC8745 /* ALTAppleAPISession.h in Headers */ = {isa = PBXBuildFile; fileRef = BF5D43F4237F53BB00EC8745 /* ALTAppleAPISession.h */; settings = {ATTRIBUTES = (Public, ); }; };
		BF5D43F7237F53BB00EC8745 /* ALTAppleAPISession.h in Headers */ = {isa = PBXBuildFile; fileRef = BF5D43F4237F53BB00EC8745 /* ALTAppleAPISession.h */; settings = {ATTRIBUTES = (Public, ); }; };
		BF5D43F8237F53BB00EC8745 /* ALTAppleAPISession.m in Sources */ = {isa = PBXBuildFile; fileRef = BF5D43F5237F53BB00EC8745 /* ALTAppleAPISession.m */; };
		BF5D43F9237F53BB00EC8745 /* ALTAppleAPISession.m in Sources */ = {isa = PBXBuildFile; fileRef = BF5D43F5237F53BB00EC8745 /* ALTAppleAPISession.m */; };
		BF9B633F229DC27C002F0A62 /* ALTModel+Internal.h in Headers */ = {isa = PBXBuildFile; fileRef = BF9B633E229DC27C002F0A62 /* ALTModel+Internal.h */; };
		BF9B6340229DC9DD002F0A62 /* openssl.framework in Frameworks */ = {isa = PBXBuildFile; fileRef = BF48CFE7229435DB0004760B /* openssl.framework */; };
		BF9B6375229DCD4D002F0A62 /* libz.tbd in Frameworks */ = {isa = PBXBuildFile; fileRef = BFBAC9302295F64600587369 /* libz.tbd */; };
		BF9B637E229DCF3A002F0A62 /* ALTAppleAPI.h in Headers */ = {isa = PBXBuildFile; fileRef = BFBAC88F2295E05600587369 /* ALTAppleAPI.h */; settings = {ATTRIBUTES = (Public, ); }; };
		BF9B637F229DCF3A002F0A62 /* ALTProvisioningProfile.h in Headers */ = {isa = PBXBuildFile; fileRef = BFBAC8892295D90F00587369 /* ALTProvisioningProfile.h */; settings = {ATTRIBUTES = (Public, ); }; };
		BF9B6380229DCF3A002F0A62 /* ALTAccount.h in Headers */ = {isa = PBXBuildFile; fileRef = BF5AB3B72286024D00DC914B /* ALTAccount.h */; settings = {ATTRIBUTES = (Public, ); }; };
		BF9B6381229DCF3A002F0A62 /* NSError+ALTErrors.h in Headers */ = {isa = PBXBuildFile; fileRef = BF5AB3BD2286040400DC914B /* NSError+ALTErrors.h */; settings = {ATTRIBUTES = (Public, ); }; };
		BF9B6382229DCF3A002F0A62 /* ALTCertificate.h in Headers */ = {isa = PBXBuildFile; fileRef = BF5AB3CB228645DF00DC914B /* ALTCertificate.h */; settings = {ATTRIBUTES = (Public, ); }; };
		BF9B6383229DCF3A002F0A62 /* ALTCertificateRequest.h in Headers */ = {isa = PBXBuildFile; fileRef = BF48CFEC229437580004760B /* ALTCertificateRequest.h */; };
		BF9B6384229DCF3A002F0A62 /* ALTDevice.h in Headers */ = {isa = PBXBuildFile; fileRef = BF5AB3C72286269B00DC914B /* ALTDevice.h */; settings = {ATTRIBUTES = (Public, ); }; };
		BF9B6385229DCF3A002F0A62 /* ALTModel+Internal.h in Headers */ = {isa = PBXBuildFile; fileRef = BF9B633E229DC27C002F0A62 /* ALTModel+Internal.h */; };
		BF9B6386229DCF3A002F0A62 /* AltSign.h in Headers */ = {isa = PBXBuildFile; fileRef = BF5AB3B3228600D100DC914B /* AltSign.h */; settings = {ATTRIBUTES = (Public, ); }; };
		BF9B6387229DCF3A002F0A62 /* ALTTeam.h in Headers */ = {isa = PBXBuildFile; fileRef = BF5AB3C32286157F00DC914B /* ALTTeam.h */; settings = {ATTRIBUTES = (Public, ); }; };
		BF9B6388229DCF3A002F0A62 /* ALTAppID.h in Headers */ = {isa = PBXBuildFile; fileRef = BF48CFF422944FC60004760B /* ALTAppID.h */; settings = {ATTRIBUTES = (Public, ); }; };
		BF9B638A229DCF3A002F0A62 /* ALTCertificateRequest.m in Sources */ = {isa = PBXBuildFile; fileRef = BF48CFED229437580004760B /* ALTCertificateRequest.m */; };
		BF9B638B229DCF3A002F0A62 /* ALTProvisioningProfile.m in Sources */ = {isa = PBXBuildFile; fileRef = BFBAC88A2295D90F00587369 /* ALTProvisioningProfile.m */; };
		BF9B638C229DCF3A002F0A62 /* ALTTeam.m in Sources */ = {isa = PBXBuildFile; fileRef = BF5AB3C42286157F00DC914B /* ALTTeam.m */; };
		BF9B638D229DCF3A002F0A62 /* ALTDevice.m in Sources */ = {isa = PBXBuildFile; fileRef = BF5AB3C82286269B00DC914B /* ALTDevice.m */; };
		BF9B638E229DCF3A002F0A62 /* ALTAppleAPI.m in Sources */ = {isa = PBXBuildFile; fileRef = BFBAC8902295E05600587369 /* ALTAppleAPI.m */; };
		BF9B638F229DCF3A002F0A62 /* ALTAppID.m in Sources */ = {isa = PBXBuildFile; fileRef = BF48CFF522944FC60004760B /* ALTAppID.m */; };
		BF9B6390229DCF3A002F0A62 /* ALTCertificate.m in Sources */ = {isa = PBXBuildFile; fileRef = BF5AB3CC228645DF00DC914B /* ALTCertificate.m */; };
		BF9B6391229DCF3A002F0A62 /* ALTAccount.m in Sources */ = {isa = PBXBuildFile; fileRef = BF5AB3B82286024D00DC914B /* ALTAccount.m */; };
		BF9B6392229DCF3A002F0A62 /* NSError+ALTErrors.m in Sources */ = {isa = PBXBuildFile; fileRef = BF5AB3BE2286040400DC914B /* NSError+ALTErrors.m */; };
		BF9B6395229DCF3A002F0A62 /* libz.tbd in Frameworks */ = {isa = PBXBuildFile; fileRef = BFBAC9302295F64600587369 /* libz.tbd */; };
		BF9B6397229DCF3A002F0A62 /* libxml2.2.tbd in Frameworks */ = {isa = PBXBuildFile; fileRef = BFBAC8F22295EF0500587369 /* libxml2.2.tbd */; };
		BF9B6399229DCF3A002F0A62 /* libldid.a in Frameworks */ = {isa = PBXBuildFile; fileRef = BFBAC8AA2295ED1900587369 /* libldid.a */; };
		BF9B63A5229DCFAD002F0A62 /* openssl.framework in Frameworks */ = {isa = PBXBuildFile; fileRef = BF48CFE9229435DB0004760B /* openssl.framework */; };
		BF9B6400229E0AA0002F0A62 /* crypt.h in Headers */ = {isa = PBXBuildFile; fileRef = BF9B63F7229E0A9F002F0A62 /* crypt.h */; };
		BF9B6401229E0AA0002F0A62 /* crypt.h in Headers */ = {isa = PBXBuildFile; fileRef = BF9B63F7229E0A9F002F0A62 /* crypt.h */; };
		BF9B6402229E0AA0002F0A62 /* ioapi.c in Sources */ = {isa = PBXBuildFile; fileRef = BF9B63F8229E0A9F002F0A62 /* ioapi.c */; settings = {COMPILER_FLAGS = "-w"; }; };
		BF9B6403229E0AA0002F0A62 /* ioapi.c in Sources */ = {isa = PBXBuildFile; fileRef = BF9B63F8229E0A9F002F0A62 /* ioapi.c */; settings = {COMPILER_FLAGS = "-w"; }; };
		BF9B6404229E0AA0002F0A62 /* zip.h in Headers */ = {isa = PBXBuildFile; fileRef = BF9B63F9229E0A9F002F0A62 /* zip.h */; };
		BF9B6405229E0AA0002F0A62 /* zip.h in Headers */ = {isa = PBXBuildFile; fileRef = BF9B63F9229E0A9F002F0A62 /* zip.h */; };
		BF9B6406229E0AA0002F0A62 /* ioapi.h in Headers */ = {isa = PBXBuildFile; fileRef = BF9B63FA229E0AA0002F0A62 /* ioapi.h */; };
		BF9B6407229E0AA0002F0A62 /* ioapi.h in Headers */ = {isa = PBXBuildFile; fileRef = BF9B63FA229E0AA0002F0A62 /* ioapi.h */; };
		BF9B6408229E0AA0002F0A62 /* mztools.h in Headers */ = {isa = PBXBuildFile; fileRef = BF9B63FB229E0AA0002F0A62 /* mztools.h */; };
		BF9B6409229E0AA0002F0A62 /* mztools.h in Headers */ = {isa = PBXBuildFile; fileRef = BF9B63FB229E0AA0002F0A62 /* mztools.h */; };
		BF9B640A229E0AA0002F0A62 /* unzip.c in Sources */ = {isa = PBXBuildFile; fileRef = BF9B63FC229E0AA0002F0A62 /* unzip.c */; settings = {COMPILER_FLAGS = "-w"; }; };
		BF9B640B229E0AA0002F0A62 /* unzip.c in Sources */ = {isa = PBXBuildFile; fileRef = BF9B63FC229E0AA0002F0A62 /* unzip.c */; settings = {COMPILER_FLAGS = "-w"; }; };
		BF9B640C229E0AA0002F0A62 /* zip.c in Sources */ = {isa = PBXBuildFile; fileRef = BF9B63FD229E0AA0002F0A62 /* zip.c */; settings = {COMPILER_FLAGS = "-w"; }; };
		BF9B640D229E0AA0002F0A62 /* zip.c in Sources */ = {isa = PBXBuildFile; fileRef = BF9B63FD229E0AA0002F0A62 /* zip.c */; settings = {COMPILER_FLAGS = "-w"; }; };
		BF9B640E229E0AA0002F0A62 /* mztools.c in Sources */ = {isa = PBXBuildFile; fileRef = BF9B63FE229E0AA0002F0A62 /* mztools.c */; settings = {COMPILER_FLAGS = "-w"; }; };
		BF9B640F229E0AA0002F0A62 /* mztools.c in Sources */ = {isa = PBXBuildFile; fileRef = BF9B63FE229E0AA0002F0A62 /* mztools.c */; settings = {COMPILER_FLAGS = "-w"; }; };
		BF9B6410229E0AA0002F0A62 /* unzip.h in Headers */ = {isa = PBXBuildFile; fileRef = BF9B63FF229E0AA0002F0A62 /* unzip.h */; };
		BF9B6411229E0AA0002F0A62 /* unzip.h in Headers */ = {isa = PBXBuildFile; fileRef = BF9B63FF229E0AA0002F0A62 /* unzip.h */; };
		BF9B6414229E0CCE002F0A62 /* NSFileManager+Apps.h in Headers */ = {isa = PBXBuildFile; fileRef = BF9B6412229E0CCE002F0A62 /* NSFileManager+Apps.h */; settings = {ATTRIBUTES = (Public, ); }; };
		BF9B6415229E0CCE002F0A62 /* NSFileManager+Apps.h in Headers */ = {isa = PBXBuildFile; fileRef = BF9B6412229E0CCE002F0A62 /* NSFileManager+Apps.h */; settings = {ATTRIBUTES = (Public, ); }; };
		BF9B6416229E0CCE002F0A62 /* NSFileManager+Apps.m in Sources */ = {isa = PBXBuildFile; fileRef = BF9B6413229E0CCE002F0A62 /* NSFileManager+Apps.m */; };
		BF9B6417229E0CCE002F0A62 /* NSFileManager+Apps.m in Sources */ = {isa = PBXBuildFile; fileRef = BF9B6413229E0CCE002F0A62 /* NSFileManager+Apps.m */; };
		BF9B641D229E0DF5002F0A62 /* ALTSigner.h in Headers */ = {isa = PBXBuildFile; fileRef = BF9B6419229E0DF4002F0A62 /* ALTSigner.h */; settings = {ATTRIBUTES = (Public, ); }; };
		BF9B641E229E0DF5002F0A62 /* ALTSigner.h in Headers */ = {isa = PBXBuildFile; fileRef = BF9B6419229E0DF4002F0A62 /* ALTSigner.h */; settings = {ATTRIBUTES = (Public, ); }; };
		BF9B641F229E0DF5002F0A62 /* ALTSigner.mm in Sources */ = {isa = PBXBuildFile; fileRef = BF9B641A229E0DF4002F0A62 /* ALTSigner.mm */; };
		BF9B6420229E0DF5002F0A62 /* ALTSigner.mm in Sources */ = {isa = PBXBuildFile; fileRef = BF9B641A229E0DF4002F0A62 /* ALTSigner.mm */; };
		BF9B6421229E0DF5002F0A62 /* apple.pem in Resources */ = {isa = PBXBuildFile; fileRef = BF9B641C229E0DF4002F0A62 /* apple.pem */; };
		BF9B6422229E0DF5002F0A62 /* apple.pem in Resources */ = {isa = PBXBuildFile; fileRef = BF9B641C229E0DF4002F0A62 /* apple.pem */; };
		BFBAC88B2295D90F00587369 /* ALTProvisioningProfile.h in Headers */ = {isa = PBXBuildFile; fileRef = BFBAC8892295D90F00587369 /* ALTProvisioningProfile.h */; settings = {ATTRIBUTES = (Public, ); }; };
		BFBAC88C2295D90F00587369 /* ALTProvisioningProfile.m in Sources */ = {isa = PBXBuildFile; fileRef = BFBAC88A2295D90F00587369 /* ALTProvisioningProfile.m */; };
		BFBAC8912295E05600587369 /* ALTAppleAPI.h in Headers */ = {isa = PBXBuildFile; fileRef = BFBAC88F2295E05600587369 /* ALTAppleAPI.h */; settings = {ATTRIBUTES = (Public, ); }; };
		BFBAC8922295E05600587369 /* ALTAppleAPI.m in Sources */ = {isa = PBXBuildFile; fileRef = BFBAC8902295E05600587369 /* ALTAppleAPI.m */; };
		BFBAC8E42295ED6C00587369 /* lookup2.c in Sources */ = {isa = PBXBuildFile; fileRef = BFBAC8E22295ED6C00587369 /* lookup2.c */; };
		BFBAC8F32295EF0500587369 /* libxml2.2.tbd in Frameworks */ = {isa = PBXBuildFile; fileRef = BFBAC8F22295EF0500587369 /* libxml2.2.tbd */; };
		BFBAC8F42295EFE300587369 /* libldid.a in Frameworks */ = {isa = PBXBuildFile; fileRef = BFBAC8AA2295ED1900587369 /* libldid.a */; };
		BFBAC93A2295FCB500587369 /* libxml2.2.tbd in Frameworks */ = {isa = PBXBuildFile; fileRef = BFBAC8F22295EF0500587369 /* libxml2.2.tbd */; };
		BFD80D4F23809EE100B9C227 /* ALTAppleAPI+Authentication.h in Headers */ = {isa = PBXBuildFile; fileRef = BFD80D4D23809EE100B9C227 /* ALTAppleAPI+Authentication.h */; settings = {ATTRIBUTES = (Public, ); }; };
		BFD80D5023809EE100B9C227 /* ALTAppleAPI+Authentication.h in Headers */ = {isa = PBXBuildFile; fileRef = BFD80D4D23809EE100B9C227 /* ALTAppleAPI+Authentication.h */; settings = {ATTRIBUTES = (Public, ); }; };
		BFD80D5123809EE100B9C227 /* ALTAppleAPI+Authentication.m in Sources */ = {isa = PBXBuildFile; fileRef = BFD80D4E23809EE100B9C227 /* ALTAppleAPI+Authentication.m */; };
		BFD80D5223809EE100B9C227 /* ALTAppleAPI+Authentication.m in Sources */ = {isa = PBXBuildFile; fileRef = BFD80D4E23809EE100B9C227 /* ALTAppleAPI+Authentication.m */; };
		BFD80D542380A00B00B9C227 /* ALTAppleAPI_Private.h in Headers */ = {isa = PBXBuildFile; fileRef = BFD80D532380A00B00B9C227 /* ALTAppleAPI_Private.h */; };
		BFD80D552380A00B00B9C227 /* ALTAppleAPI_Private.h in Headers */ = {isa = PBXBuildFile; fileRef = BFD80D532380A00B00B9C227 /* ALTAppleAPI_Private.h */; };
		BFE20E07237C932600409FF7 /* ALTAnisetteData.h in Headers */ = {isa = PBXBuildFile; fileRef = BFE20E05237C932600409FF7 /* ALTAnisetteData.h */; settings = {ATTRIBUTES = (Public, ); }; };
		BFE20E08237C932600409FF7 /* ALTAnisetteData.h in Headers */ = {isa = PBXBuildFile; fileRef = BFE20E05237C932600409FF7 /* ALTAnisetteData.h */; settings = {ATTRIBUTES = (Public, ); }; };
		BFE20E09237C932600409FF7 /* ALTAnisetteData.m in Sources */ = {isa = PBXBuildFile; fileRef = BFE20E06237C932600409FF7 /* ALTAnisetteData.m */; };
		BFE20E0A237C932600409FF7 /* ALTAnisetteData.m in Sources */ = {isa = PBXBuildFile; fileRef = BFE20E06237C932600409FF7 /* ALTAnisetteData.m */; };
/* End PBXBuildFile section */

/* Begin PBXContainerItemProxy section */
		BF4586B522987AE400BD7491 /* PBXContainerItemProxy */ = {
			isa = PBXContainerItemProxy;
			containerPortal = BF48CFE1229435DB0004760B /* OpenSSL.xcodeproj */;
			proxyType = 1;
			remoteGlobalIDString = 9F4A265B223BD82B005CB63A;
			remoteInfo = "OpenSSL (iOS)";
		};
		BF48CFE6229435DB0004760B /* PBXContainerItemProxy */ = {
			isa = PBXContainerItemProxy;
			containerPortal = BF48CFE1229435DB0004760B /* OpenSSL.xcodeproj */;
			proxyType = 2;
			remoteGlobalIDString = 9F4A265C223BD82B005CB63A;
			remoteInfo = "OpenSSL (iOS)";
		};
		BF48CFE8229435DB0004760B /* PBXContainerItemProxy */ = {
			isa = PBXContainerItemProxy;
			containerPortal = BF48CFE1229435DB0004760B /* OpenSSL.xcodeproj */;
			proxyType = 2;
			remoteGlobalIDString = 9F4A2716223BE476005CB63A;
			remoteInfo = "OpenSSL (macOS)";
		};
		BF9B63A0229DCFA4002F0A62 /* PBXContainerItemProxy */ = {
			isa = PBXContainerItemProxy;
			containerPortal = BF48CFE1229435DB0004760B /* OpenSSL.xcodeproj */;
			proxyType = 1;
			remoteGlobalIDString = 9F4A2715223BE476005CB63A;
			remoteInfo = "OpenSSL (macOS)";
		};
/* End PBXContainerItemProxy section */

/* Begin PBXCopyFilesBuildPhase section */
		BFBAC8A82295ED1900587369 /* CopyFiles */ = {
			isa = PBXCopyFilesBuildPhase;
			buildActionMask = 2147483647;
			dstPath = "include/$(PRODUCT_NAME)";
			dstSubfolderSpec = 16;
			files = (
			);
			runOnlyForDeploymentPostprocessing = 0;
		};
/* End PBXCopyFilesBuildPhase section */

/* Begin PBXFileReference section */
		BF0C4E8422A1B3BE009A2DD7 /* Uid.cpp */ = {isa = PBXFileReference; fileEncoding = 4; lastKnownFileType = sourcecode.cpp.cpp; name = Uid.cpp; path = Dependencies/ldid/libplist/src/Uid.cpp; sourceTree = SOURCE_ROOT; };
		BF0C4E8522A1B3BE009A2DD7 /* Node.cpp */ = {isa = PBXFileReference; fileEncoding = 4; lastKnownFileType = sourcecode.cpp.cpp; name = Node.cpp; path = Dependencies/ldid/libplist/src/Node.cpp; sourceTree = SOURCE_ROOT; };
		BF0C4E8622A1B3BE009A2DD7 /* base64.h */ = {isa = PBXFileReference; fileEncoding = 4; lastKnownFileType = sourcecode.c.h; name = base64.h; path = Dependencies/ldid/libplist/src/base64.h; sourceTree = SOURCE_ROOT; };
		BF0C4E8722A1B3BE009A2DD7 /* Real.cpp */ = {isa = PBXFileReference; fileEncoding = 4; lastKnownFileType = sourcecode.cpp.cpp; name = Real.cpp; path = Dependencies/ldid/libplist/src/Real.cpp; sourceTree = SOURCE_ROOT; };
		BF0C4E8822A1B3BE009A2DD7 /* Date.cpp */ = {isa = PBXFileReference; fileEncoding = 4; lastKnownFileType = sourcecode.cpp.cpp; name = Date.cpp; path = Dependencies/ldid/libplist/src/Date.cpp; sourceTree = SOURCE_ROOT; };
		BF0C4E8922A1B3BE009A2DD7 /* bytearray.c */ = {isa = PBXFileReference; fileEncoding = 4; lastKnownFileType = sourcecode.c.c; name = bytearray.c; path = Dependencies/ldid/libplist/src/bytearray.c; sourceTree = SOURCE_ROOT; };
		BF0C4E8A22A1B3BE009A2DD7 /* time64.c */ = {isa = PBXFileReference; fileEncoding = 4; lastKnownFileType = sourcecode.c.c; name = time64.c; path = Dependencies/ldid/libplist/src/time64.c; sourceTree = SOURCE_ROOT; };
		BF0C4E8B22A1B3BE009A2DD7 /* plist.h */ = {isa = PBXFileReference; fileEncoding = 4; lastKnownFileType = sourcecode.c.h; name = plist.h; path = Dependencies/ldid/libplist/src/plist.h; sourceTree = SOURCE_ROOT; };
		BF0C4E8C22A1B3BE009A2DD7 /* Structure.cpp */ = {isa = PBXFileReference; fileEncoding = 4; lastKnownFileType = sourcecode.cpp.cpp; name = Structure.cpp; path = Dependencies/ldid/libplist/src/Structure.cpp; sourceTree = SOURCE_ROOT; };
		BF0C4E8D22A1B3BE009A2DD7 /* plist.c */ = {isa = PBXFileReference; fileEncoding = 4; lastKnownFileType = sourcecode.c.c; name = plist.c; path = Dependencies/ldid/libplist/src/plist.c; sourceTree = SOURCE_ROOT; };
		BF0C4E8E22A1B3BE009A2DD7 /* time64.h */ = {isa = PBXFileReference; fileEncoding = 4; lastKnownFileType = sourcecode.c.h; name = time64.h; path = Dependencies/ldid/libplist/src/time64.h; sourceTree = SOURCE_ROOT; };
		BF0C4E8F22A1B3BE009A2DD7 /* base64.c */ = {isa = PBXFileReference; fileEncoding = 4; lastKnownFileType = sourcecode.c.c; name = base64.c; path = Dependencies/ldid/libplist/src/base64.c; sourceTree = SOURCE_ROOT; };
		BF0C4E9022A1B3BE009A2DD7 /* strbuf.h */ = {isa = PBXFileReference; fileEncoding = 4; lastKnownFileType = sourcecode.c.h; name = strbuf.h; path = Dependencies/ldid/libplist/src/strbuf.h; sourceTree = SOURCE_ROOT; };
		BF0C4E9122A1B3BF009A2DD7 /* Array.cpp */ = {isa = PBXFileReference; fileEncoding = 4; lastKnownFileType = sourcecode.cpp.cpp; name = Array.cpp; path = Dependencies/ldid/libplist/src/Array.cpp; sourceTree = SOURCE_ROOT; };
		BF0C4E9222A1B3BF009A2DD7 /* xplist.c */ = {isa = PBXFileReference; fileEncoding = 4; lastKnownFileType = sourcecode.c.c; name = xplist.c; path = Dependencies/ldid/libplist/src/xplist.c; sourceTree = SOURCE_ROOT; };
		BF0C4E9322A1B3BF009A2DD7 /* ptrarray.h */ = {isa = PBXFileReference; fileEncoding = 4; lastKnownFileType = sourcecode.c.h; name = ptrarray.h; path = Dependencies/ldid/libplist/src/ptrarray.h; sourceTree = SOURCE_ROOT; };
		BF0C4E9422A1B3BF009A2DD7 /* Boolean.cpp */ = {isa = PBXFileReference; fileEncoding = 4; lastKnownFileType = sourcecode.cpp.cpp; name = Boolean.cpp; path = Dependencies/ldid/libplist/src/Boolean.cpp; sourceTree = SOURCE_ROOT; };
		BF0C4E9522A1B3BF009A2DD7 /* bplist.c */ = {isa = PBXFileReference; fileEncoding = 4; lastKnownFileType = sourcecode.c.c; name = bplist.c; path = Dependencies/ldid/libplist/src/bplist.c; sourceTree = SOURCE_ROOT; };
		BF0C4E9622A1B3BF009A2DD7 /* hashtable.h */ = {isa = PBXFileReference; fileEncoding = 4; lastKnownFileType = sourcecode.c.h; name = hashtable.h; path = Dependencies/ldid/libplist/src/hashtable.h; sourceTree = SOURCE_ROOT; };
		BF0C4E9722A1B3BF009A2DD7 /* bytearray.h */ = {isa = PBXFileReference; fileEncoding = 4; lastKnownFileType = sourcecode.c.h; name = bytearray.h; path = Dependencies/ldid/libplist/src/bytearray.h; sourceTree = SOURCE_ROOT; };
		BF0C4E9822A1B3BF009A2DD7 /* Key.cpp */ = {isa = PBXFileReference; fileEncoding = 4; lastKnownFileType = sourcecode.cpp.cpp; name = Key.cpp; path = Dependencies/ldid/libplist/src/Key.cpp; sourceTree = SOURCE_ROOT; };
		BF0C4E9922A1B3BF009A2DD7 /* time64_limits.h */ = {isa = PBXFileReference; fileEncoding = 4; lastKnownFileType = sourcecode.c.h; name = time64_limits.h; path = Dependencies/ldid/libplist/src/time64_limits.h; sourceTree = SOURCE_ROOT; };
		BF0C4E9A22A1B3BF009A2DD7 /* Dictionary.cpp */ = {isa = PBXFileReference; fileEncoding = 4; lastKnownFileType = sourcecode.cpp.cpp; name = Dictionary.cpp; path = Dependencies/ldid/libplist/src/Dictionary.cpp; sourceTree = SOURCE_ROOT; };
		BF0C4E9B22A1B3BF009A2DD7 /* Integer.cpp */ = {isa = PBXFileReference; fileEncoding = 4; lastKnownFileType = sourcecode.cpp.cpp; name = Integer.cpp; path = Dependencies/ldid/libplist/src/Integer.cpp; sourceTree = SOURCE_ROOT; };
		BF0C4E9C22A1B3BF009A2DD7 /* ptrarray.c */ = {isa = PBXFileReference; fileEncoding = 4; lastKnownFileType = sourcecode.c.c; name = ptrarray.c; path = Dependencies/ldid/libplist/src/ptrarray.c; sourceTree = SOURCE_ROOT; };
		BF0C4E9D22A1B3BF009A2DD7 /* String.cpp */ = {isa = PBXFileReference; fileEncoding = 4; lastKnownFileType = sourcecode.cpp.cpp; name = String.cpp; path = Dependencies/ldid/libplist/src/String.cpp; sourceTree = SOURCE_ROOT; };
		BF0C4E9E22A1B3BF009A2DD7 /* hashtable.c */ = {isa = PBXFileReference; fileEncoding = 4; lastKnownFileType = sourcecode.c.c; name = hashtable.c; path = Dependencies/ldid/libplist/src/hashtable.c; sourceTree = SOURCE_ROOT; };
		BF0C4E9F22A1B3BF009A2DD7 /* Data.cpp */ = {isa = PBXFileReference; fileEncoding = 4; lastKnownFileType = sourcecode.cpp.cpp; name = Data.cpp; path = Dependencies/ldid/libplist/src/Data.cpp; sourceTree = SOURCE_ROOT; };
		BF0C4EB422A1B3CC009A2DD7 /* node.c */ = {isa = PBXFileReference; fileEncoding = 4; lastKnownFileType = sourcecode.c.c; name = node.c; path = Dependencies/ldid/libplist/libcnary/node.c; sourceTree = SOURCE_ROOT; };
		BF0C4EB522A1B3CC009A2DD7 /* cnary.c */ = {isa = PBXFileReference; fileEncoding = 4; lastKnownFileType = sourcecode.c.c; name = cnary.c; path = Dependencies/ldid/libplist/libcnary/cnary.c; sourceTree = SOURCE_ROOT; };
		BF0C4EB622A1B3CC009A2DD7 /* node_list.c */ = {isa = PBXFileReference; fileEncoding = 4; lastKnownFileType = sourcecode.c.c; name = node_list.c; path = Dependencies/ldid/libplist/libcnary/node_list.c; sourceTree = SOURCE_ROOT; };
		BF17BB7222EA839400D7D842 /* UIKit.framework */ = {isa = PBXFileReference; lastKnownFileType = wrapper.framework; name = UIKit.framework; path = System/Library/Frameworks/UIKit.framework; sourceTree = SDKROOT; };
		BF48CFE1229435DB0004760B /* OpenSSL.xcodeproj */ = {isa = PBXFileReference; lastKnownFileType = "wrapper.pb-project"; name = OpenSSL.xcodeproj; path = Dependencies/OpenSSL/OpenSSL.xcodeproj; sourceTree = SOURCE_ROOT; };
		BF48CFEC229437580004760B /* ALTCertificateRequest.h */ = {isa = PBXFileReference; lastKnownFileType = sourcecode.c.h; path = ALTCertificateRequest.h; sourceTree = "<group>"; };
		BF48CFED229437580004760B /* ALTCertificateRequest.m */ = {isa = PBXFileReference; lastKnownFileType = sourcecode.c.objc; path = ALTCertificateRequest.m; sourceTree = "<group>"; };
		BF48CFF422944FC60004760B /* ALTAppID.h */ = {isa = PBXFileReference; lastKnownFileType = sourcecode.c.h; path = ALTAppID.h; sourceTree = "<group>"; };
		BF48CFF522944FC60004760B /* ALTAppID.m */ = {isa = PBXFileReference; lastKnownFileType = sourcecode.c.objc; path = ALTAppID.m; sourceTree = "<group>"; };
		BF50E7B622C161630070E17B /* ALTAppGroup.h */ = {isa = PBXFileReference; lastKnownFileType = sourcecode.c.h; path = ALTAppGroup.h; sourceTree = "<group>"; };
		BF50E7B722C161630070E17B /* ALTAppGroup.m */ = {isa = PBXFileReference; lastKnownFileType = sourcecode.c.objc; path = ALTAppGroup.m; sourceTree = "<group>"; };
		BF50E7BD22C163DC0070E17B /* ALTApplication.h */ = {isa = PBXFileReference; lastKnownFileType = sourcecode.c.h; path = ALTApplication.h; sourceTree = "<group>"; };
		BF50E7BE22C163DC0070E17B /* ALTApplication.mm */ = {isa = PBXFileReference; lastKnownFileType = sourcecode.cpp.objcpp; path = ALTApplication.mm; sourceTree = "<group>"; };
		BF50E7C322C1690B0070E17B /* alt_ldid.cpp */ = {isa = PBXFileReference; fileEncoding = 4; lastKnownFileType = sourcecode.cpp.cpp; path = alt_ldid.cpp; sourceTree = "<group>"; };
		BF50E7C822C169560070E17B /* alt_ldid.hpp */ = {isa = PBXFileReference; lastKnownFileType = sourcecode.cpp.h; path = alt_ldid.hpp; sourceTree = "<group>"; };
		BF50E7CD22C28F8B0070E17B /* ALTCapabilities.h */ = {isa = PBXFileReference; lastKnownFileType = sourcecode.c.h; path = ALTCapabilities.h; sourceTree = "<group>"; };
		BF50E7CE22C28F8B0070E17B /* ALTCapabilities.m */ = {isa = PBXFileReference; lastKnownFileType = sourcecode.c.objc; path = ALTCapabilities.m; sourceTree = "<group>"; };
		BF5AB3992285FDB200DC914B /* AltSign.framework */ = {isa = PBXFileReference; explicitFileType = wrapper.framework; includeInIndex = 0; path = AltSign.framework; sourceTree = BUILT_PRODUCTS_DIR; };
		BF5AB39D2285FDB200DC914B /* Info.plist */ = {isa = PBXFileReference; lastKnownFileType = text.plist.xml; path = Info.plist; sourceTree = "<group>"; };
		BF5AB3B3228600D100DC914B /* AltSign.h */ = {isa = PBXFileReference; lastKnownFileType = sourcecode.c.h; path = AltSign.h; sourceTree = "<group>"; };
		BF5AB3B72286024D00DC914B /* ALTAccount.h */ = {isa = PBXFileReference; lastKnownFileType = sourcecode.c.h; path = ALTAccount.h; sourceTree = "<group>"; };
		BF5AB3B82286024D00DC914B /* ALTAccount.m */ = {isa = PBXFileReference; lastKnownFileType = sourcecode.c.objc; path = ALTAccount.m; sourceTree = "<group>"; };
		BF5AB3BD2286040400DC914B /* NSError+ALTErrors.h */ = {isa = PBXFileReference; lastKnownFileType = sourcecode.c.h; path = "NSError+ALTErrors.h"; sourceTree = "<group>"; };
		BF5AB3BE2286040400DC914B /* NSError+ALTErrors.m */ = {isa = PBXFileReference; lastKnownFileType = sourcecode.c.objc; path = "NSError+ALTErrors.m"; sourceTree = "<group>"; };
		BF5AB3C32286157F00DC914B /* ALTTeam.h */ = {isa = PBXFileReference; lastKnownFileType = sourcecode.c.h; path = ALTTeam.h; sourceTree = "<group>"; };
		BF5AB3C42286157F00DC914B /* ALTTeam.m */ = {isa = PBXFileReference; lastKnownFileType = sourcecode.c.objc; path = ALTTeam.m; sourceTree = "<group>"; };
		BF5AB3C72286269B00DC914B /* ALTDevice.h */ = {isa = PBXFileReference; lastKnownFileType = sourcecode.c.h; path = ALTDevice.h; sourceTree = "<group>"; };
		BF5AB3C82286269B00DC914B /* ALTDevice.m */ = {isa = PBXFileReference; lastKnownFileType = sourcecode.c.objc; path = ALTDevice.m; sourceTree = "<group>"; };
		BF5AB3CB228645DF00DC914B /* ALTCertificate.h */ = {isa = PBXFileReference; lastKnownFileType = sourcecode.c.h; path = ALTCertificate.h; sourceTree = "<group>"; };
		BF5AB3CC228645DF00DC914B /* ALTCertificate.m */ = {isa = PBXFileReference; lastKnownFileType = sourcecode.c.objc; path = ALTCertificate.m; sourceTree = "<group>"; };
		BF5C690C24A5205E00C2F854 /* ccsrp.m */ = {isa = PBXFileReference; fileEncoding = 4; lastKnownFileType = sourcecode.c.objc; name = ccsrp.m; path = Dependencies/corecrypto/ccsrp.m; sourceTree = SOURCE_ROOT; };
		BF5D43F4237F53BB00EC8745 /* ALTAppleAPISession.h */ = {isa = PBXFileReference; lastKnownFileType = sourcecode.c.h; path = ALTAppleAPISession.h; sourceTree = "<group>"; };
		BF5D43F5237F53BB00EC8745 /* ALTAppleAPISession.m */ = {isa = PBXFileReference; lastKnownFileType = sourcecode.c.objc; path = ALTAppleAPISession.m; sourceTree = "<group>"; };
		BF9B633E229DC27C002F0A62 /* ALTModel+Internal.h */ = {isa = PBXFileReference; lastKnownFileType = sourcecode.c.h; path = "ALTModel+Internal.h"; sourceTree = "<group>"; };
		BF9B6373229DCD2A002F0A62 /* libzip_iOS.framework */ = {isa = PBXFileReference; lastKnownFileType = wrapper.framework; path = libzip_iOS.framework; sourceTree = BUILT_PRODUCTS_DIR; };
		BF9B6376229DCDAC002F0A62 /* libbz2.tbd */ = {isa = PBXFileReference; lastKnownFileType = "sourcecode.text-based-dylib-definition"; name = libbz2.tbd; path = usr/lib/libbz2.tbd; sourceTree = SDKROOT; };
		BF9B639E229DCF3A002F0A62 /* AltSign.framework */ = {isa = PBXFileReference; explicitFileType = wrapper.framework; includeInIndex = 0; path = AltSign.framework; sourceTree = BUILT_PRODUCTS_DIR; };
		BF9B63F7229E0A9F002F0A62 /* crypt.h */ = {isa = PBXFileReference; fileEncoding = 4; lastKnownFileType = sourcecode.c.h; name = crypt.h; path = Dependencies/minizip/crypt.h; sourceTree = SOURCE_ROOT; };
		BF9B63F8229E0A9F002F0A62 /* ioapi.c */ = {isa = PBXFileReference; fileEncoding = 4; lastKnownFileType = sourcecode.c.c; name = ioapi.c; path = Dependencies/minizip/ioapi.c; sourceTree = SOURCE_ROOT; };
		BF9B63F9229E0A9F002F0A62 /* zip.h */ = {isa = PBXFileReference; fileEncoding = 4; lastKnownFileType = sourcecode.c.h; name = zip.h; path = Dependencies/minizip/zip.h; sourceTree = SOURCE_ROOT; };
		BF9B63FA229E0AA0002F0A62 /* ioapi.h */ = {isa = PBXFileReference; fileEncoding = 4; lastKnownFileType = sourcecode.c.h; name = ioapi.h; path = Dependencies/minizip/ioapi.h; sourceTree = SOURCE_ROOT; };
		BF9B63FB229E0AA0002F0A62 /* mztools.h */ = {isa = PBXFileReference; fileEncoding = 4; lastKnownFileType = sourcecode.c.h; name = mztools.h; path = Dependencies/minizip/mztools.h; sourceTree = SOURCE_ROOT; };
		BF9B63FC229E0AA0002F0A62 /* unzip.c */ = {isa = PBXFileReference; fileEncoding = 4; lastKnownFileType = sourcecode.c.c; name = unzip.c; path = Dependencies/minizip/unzip.c; sourceTree = SOURCE_ROOT; };
		BF9B63FD229E0AA0002F0A62 /* zip.c */ = {isa = PBXFileReference; fileEncoding = 4; lastKnownFileType = sourcecode.c.c; name = zip.c; path = Dependencies/minizip/zip.c; sourceTree = SOURCE_ROOT; };
		BF9B63FE229E0AA0002F0A62 /* mztools.c */ = {isa = PBXFileReference; fileEncoding = 4; lastKnownFileType = sourcecode.c.c; name = mztools.c; path = Dependencies/minizip/mztools.c; sourceTree = SOURCE_ROOT; };
		BF9B63FF229E0AA0002F0A62 /* unzip.h */ = {isa = PBXFileReference; fileEncoding = 4; lastKnownFileType = sourcecode.c.h; name = unzip.h; path = Dependencies/minizip/unzip.h; sourceTree = SOURCE_ROOT; };
		BF9B6412229E0CCE002F0A62 /* NSFileManager+Apps.h */ = {isa = PBXFileReference; fileEncoding = 4; lastKnownFileType = sourcecode.c.h; path = "NSFileManager+Apps.h"; sourceTree = "<group>"; };
		BF9B6413229E0CCE002F0A62 /* NSFileManager+Apps.m */ = {isa = PBXFileReference; fileEncoding = 4; lastKnownFileType = sourcecode.c.objc; path = "NSFileManager+Apps.m"; sourceTree = "<group>"; };
		BF9B6419229E0DF4002F0A62 /* ALTSigner.h */ = {isa = PBXFileReference; fileEncoding = 4; lastKnownFileType = sourcecode.c.h; path = ALTSigner.h; sourceTree = "<group>"; };
		BF9B641A229E0DF4002F0A62 /* ALTSigner.mm */ = {isa = PBXFileReference; fileEncoding = 4; lastKnownFileType = sourcecode.cpp.objcpp; path = ALTSigner.mm; sourceTree = "<group>"; };
		BF9B641C229E0DF4002F0A62 /* apple.pem */ = {isa = PBXFileReference; fileEncoding = 4; lastKnownFileType = text; path = apple.pem; sourceTree = "<group>"; };
		BFBAC8892295D90F00587369 /* ALTProvisioningProfile.h */ = {isa = PBXFileReference; lastKnownFileType = sourcecode.c.h; path = ALTProvisioningProfile.h; sourceTree = "<group>"; };
		BFBAC88A2295D90F00587369 /* ALTProvisioningProfile.m */ = {isa = PBXFileReference; lastKnownFileType = sourcecode.c.objc; path = ALTProvisioningProfile.m; sourceTree = "<group>"; };
		BFBAC88F2295E05600587369 /* ALTAppleAPI.h */ = {isa = PBXFileReference; lastKnownFileType = sourcecode.c.h; path = ALTAppleAPI.h; sourceTree = "<group>"; };
		BFBAC8902295E05600587369 /* ALTAppleAPI.m */ = {isa = PBXFileReference; lastKnownFileType = sourcecode.c.objc; path = ALTAppleAPI.m; sourceTree = "<group>"; };
		BFBAC8AA2295ED1900587369 /* libldid.a */ = {isa = PBXFileReference; explicitFileType = archive.ar; includeInIndex = 0; path = libldid.a; sourceTree = BUILT_PRODUCTS_DIR; };
		BFBAC8DF2295ED6C00587369 /* ldid.cpp */ = {isa = PBXFileReference; fileEncoding = 4; lastKnownFileType = sourcecode.cpp.cpp; name = ldid.cpp; path = Dependencies/ldid/ldid.cpp; sourceTree = SOURCE_ROOT; };
		BFBAC8E02295ED6C00587369 /* sha1.h */ = {isa = PBXFileReference; fileEncoding = 4; lastKnownFileType = sourcecode.c.h; name = sha1.h; path = Dependencies/ldid/sha1.h; sourceTree = SOURCE_ROOT; };
		BFBAC8E12295ED6C00587369 /* ldid.hpp */ = {isa = PBXFileReference; fileEncoding = 4; lastKnownFileType = sourcecode.cpp.h; name = ldid.hpp; path = Dependencies/ldid/ldid.hpp; sourceTree = SOURCE_ROOT; };
		BFBAC8E22295ED6C00587369 /* lookup2.c */ = {isa = PBXFileReference; fileEncoding = 4; lastKnownFileType = sourcecode.c.c; name = lookup2.c; path = Dependencies/ldid/lookup2.c; sourceTree = SOURCE_ROOT; };
		BFBAC8F22295EF0500587369 /* libxml2.2.tbd */ = {isa = PBXFileReference; lastKnownFileType = "sourcecode.text-based-dylib-definition"; name = libxml2.2.tbd; path = usr/lib/libxml2.2.tbd; sourceTree = SDKROOT; };
		BFBAC9302295F64600587369 /* libz.tbd */ = {isa = PBXFileReference; lastKnownFileType = "sourcecode.text-based-dylib-definition"; name = libz.tbd; path = usr/lib/libz.tbd; sourceTree = SDKROOT; };
		BFD80D4D23809EE100B9C227 /* ALTAppleAPI+Authentication.h */ = {isa = PBXFileReference; lastKnownFileType = sourcecode.c.h; path = "ALTAppleAPI+Authentication.h"; sourceTree = "<group>"; };
		BFD80D4E23809EE100B9C227 /* ALTAppleAPI+Authentication.m */ = {isa = PBXFileReference; lastKnownFileType = sourcecode.c.objc; path = "ALTAppleAPI+Authentication.m"; sourceTree = "<group>"; };
		BFD80D532380A00B00B9C227 /* ALTAppleAPI_Private.h */ = {isa = PBXFileReference; lastKnownFileType = sourcecode.c.h; path = ALTAppleAPI_Private.h; sourceTree = "<group>"; };
		BFE20E05237C932600409FF7 /* ALTAnisetteData.h */ = {isa = PBXFileReference; lastKnownFileType = sourcecode.c.h; path = ALTAnisetteData.h; sourceTree = "<group>"; };
		BFE20E06237C932600409FF7 /* ALTAnisetteData.m */ = {isa = PBXFileReference; lastKnownFileType = sourcecode.c.objc; path = ALTAnisetteData.m; sourceTree = "<group>"; };
		BFE20E0E237CAA3A00409FF7 /* ccder.h */ = {isa = PBXFileReference; lastKnownFileType = sourcecode.c.h; name = ccder.h; path = Dependencies/corecrypto/ccder.h; sourceTree = SOURCE_ROOT; };
		BFE20E0F237CAA3A00409FF7 /* ccec25519.h */ = {isa = PBXFileReference; lastKnownFileType = sourcecode.c.h; name = ccec25519.h; path = Dependencies/corecrypto/ccec25519.h; sourceTree = SOURCE_ROOT; };
		BFE20E10237CAA3A00409FF7 /* ccmode_siv_priv.h */ = {isa = PBXFileReference; lastKnownFileType = sourcecode.c.h; name = ccmode_siv_priv.h; path = Dependencies/corecrypto/ccmode_siv_priv.h; sourceTree = SOURCE_ROOT; };
		BFE20E11237CAA3A00409FF7 /* cchkdf.h */ = {isa = PBXFileReference; lastKnownFileType = sourcecode.c.h; name = cchkdf.h; path = Dependencies/corecrypto/cchkdf.h; sourceTree = SOURCE_ROOT; };
		BFE20E12237CAA3A00409FF7 /* ccec_priv.h */ = {isa = PBXFileReference; lastKnownFileType = sourcecode.c.h; name = ccec_priv.h; path = Dependencies/corecrypto/ccec_priv.h; sourceTree = SOURCE_ROOT; };
		BFE20E13237CAA3A00409FF7 /* ccansikdf.h */ = {isa = PBXFileReference; lastKnownFileType = sourcecode.c.h; name = ccansikdf.h; path = Dependencies/corecrypto/ccansikdf.h; sourceTree = SOURCE_ROOT; };
		BFE20E14237CAA3A00409FF7 /* ccpbkdf2.h */ = {isa = PBXFileReference; lastKnownFileType = sourcecode.c.h; name = ccpbkdf2.h; path = Dependencies/corecrypto/ccpbkdf2.h; sourceTree = SOURCE_ROOT; };
		BFE20E15237CAA3A00409FF7 /* ccrc4.h */ = {isa = PBXFileReference; lastKnownFileType = sourcecode.c.h; name = ccrc4.h; path = Dependencies/corecrypto/ccrc4.h; sourceTree = SOURCE_ROOT; };
		BFE20E16237CAA3B00409FF7 /* ccder_priv.h */ = {isa = PBXFileReference; lastKnownFileType = sourcecode.c.h; name = ccder_priv.h; path = Dependencies/corecrypto/ccder_priv.h; sourceTree = SOURCE_ROOT; };
		BFE20E17237CAA3B00409FF7 /* ccrng_ecfips_test.h */ = {isa = PBXFileReference; lastKnownFileType = sourcecode.c.h; name = ccrng_ecfips_test.h; path = Dependencies/corecrypto/ccrng_ecfips_test.h; sourceTree = SOURCE_ROOT; };
		BFE20E18237CAA3B00409FF7 /* ccrng_test.h */ = {isa = PBXFileReference; lastKnownFileType = sourcecode.c.h; name = ccrng_test.h; path = Dependencies/corecrypto/ccrng_test.h; sourceTree = SOURCE_ROOT; };
		BFE20E19237CAA3B00409FF7 /* ccrsa_priv.h */ = {isa = PBXFileReference; lastKnownFileType = sourcecode.c.h; name = ccrsa_priv.h; path = Dependencies/corecrypto/ccrsa_priv.h; sourceTree = SOURCE_ROOT; };
		BFE20E1A237CAA3B00409FF7 /* ccrng_priv.h */ = {isa = PBXFileReference; lastKnownFileType = sourcecode.c.h; name = ccrng_priv.h; path = Dependencies/corecrypto/ccrng_priv.h; sourceTree = SOURCE_ROOT; };
		BFE20E1B237CAA3B00409FF7 /* ccdrbg.h */ = {isa = PBXFileReference; lastKnownFileType = sourcecode.c.h; name = ccdrbg.h; path = Dependencies/corecrypto/ccdrbg.h; sourceTree = SOURCE_ROOT; };
		BFE20E1C237CAA3B00409FF7 /* ccz.h */ = {isa = PBXFileReference; lastKnownFileType = sourcecode.c.h; name = ccz.h; path = Dependencies/corecrypto/ccz.h; sourceTree = SOURCE_ROOT; };
		BFE20E1D237CAA3B00409FF7 /* ccmd5.h */ = {isa = PBXFileReference; lastKnownFileType = sourcecode.c.h; name = ccmd5.h; path = Dependencies/corecrypto/ccmd5.h; sourceTree = SOURCE_ROOT; };
		BFE20E1E237CAA3B00409FF7 /* ccec25519_priv.h */ = {isa = PBXFileReference; lastKnownFileType = sourcecode.c.h; name = ccec25519_priv.h; path = Dependencies/corecrypto/ccec25519_priv.h; sourceTree = SOURCE_ROOT; };
		BFE20E1F237CAA3B00409FF7 /* ccsha1.h */ = {isa = PBXFileReference; lastKnownFileType = sourcecode.c.h; name = ccsha1.h; path = Dependencies/corecrypto/ccsha1.h; sourceTree = SOURCE_ROOT; };
		BFE20E20237CAA3B00409FF7 /* ccsha2.h */ = {isa = PBXFileReference; lastKnownFileType = sourcecode.c.h; name = ccsha2.h; path = Dependencies/corecrypto/ccsha2.h; sourceTree = SOURCE_ROOT; };
		BFE20E21237CAA3B00409FF7 /* ccasn1.h */ = {isa = PBXFileReference; lastKnownFileType = sourcecode.c.h; name = ccasn1.h; path = Dependencies/corecrypto/ccasn1.h; sourceTree = SOURCE_ROOT; };
		BFE20E22237CAA3B00409FF7 /* ccrng_system.h */ = {isa = PBXFileReference; lastKnownFileType = sourcecode.c.h; name = ccrng_system.h; path = Dependencies/corecrypto/ccrng_system.h; sourceTree = SOURCE_ROOT; };
		BFE20E23237CAA3B00409FF7 /* ccdes.h */ = {isa = PBXFileReference; lastKnownFileType = sourcecode.c.h; name = ccdes.h; path = Dependencies/corecrypto/ccdes.h; sourceTree = SOURCE_ROOT; };
		BFE20E24237CAA3B00409FF7 /* ccripemd.h */ = {isa = PBXFileReference; lastKnownFileType = sourcecode.c.h; name = ccripemd.h; path = Dependencies/corecrypto/ccripemd.h; sourceTree = SOURCE_ROOT; };
		BFE20E25237CAA3B00409FF7 /* ccder_decode_eckey.h */ = {isa = PBXFileReference; lastKnownFileType = sourcecode.c.h; name = ccder_decode_eckey.h; path = Dependencies/corecrypto/ccder_decode_eckey.h; sourceTree = SOURCE_ROOT; };
		BFE20E26237CAA3B00409FF7 /* ccn_priv.h */ = {isa = PBXFileReference; lastKnownFileType = sourcecode.c.h; name = ccn_priv.h; path = Dependencies/corecrypto/ccn_priv.h; sourceTree = SOURCE_ROOT; };
		BFE20E27237CAA3B00409FF7 /* ccz_priv.h */ = {isa = PBXFileReference; lastKnownFileType = sourcecode.c.h; name = ccz_priv.h; path = Dependencies/corecrypto/ccz_priv.h; sourceTree = SOURCE_ROOT; };
		BFE20E28237CAA3B00409FF7 /* cc_config.h */ = {isa = PBXFileReference; lastKnownFileType = sourcecode.c.h; name = cc_config.h; path = Dependencies/corecrypto/cc_config.h; sourceTree = SOURCE_ROOT; };
		BFE20E29237CAA3B00409FF7 /* cctest.h */ = {isa = PBXFileReference; lastKnownFileType = sourcecode.c.h; name = cctest.h; path = Dependencies/corecrypto/cctest.h; sourceTree = SOURCE_ROOT; };
		BFE20E2A237CAA3B00409FF7 /* ccpad.h */ = {isa = PBXFileReference; lastKnownFileType = sourcecode.c.h; name = ccpad.h; path = Dependencies/corecrypto/ccpad.h; sourceTree = SOURCE_ROOT; };
		BFE20E2B237CAA3C00409FF7 /* ccdh_priv.h */ = {isa = PBXFileReference; lastKnownFileType = sourcecode.c.h; name = ccdh_priv.h; path = Dependencies/corecrypto/ccdh_priv.h; sourceTree = SOURCE_ROOT; };
		BFE20E2C237CAA3C00409FF7 /* ccrsa.h */ = {isa = PBXFileReference; lastKnownFileType = sourcecode.c.h; name = ccrsa.h; path = Dependencies/corecrypto/ccrsa.h; sourceTree = SOURCE_ROOT; };
		BFE20E2D237CAA3C00409FF7 /* ccrng_pbkdf2_prng.h */ = {isa = PBXFileReference; lastKnownFileType = sourcecode.c.h; name = ccrng_pbkdf2_prng.h; path = Dependencies/corecrypto/ccrng_pbkdf2_prng.h; sourceTree = SOURCE_ROOT; };
		BFE20E2E237CAA3C00409FF7 /* ccdrbg_impl.h */ = {isa = PBXFileReference; lastKnownFileType = sourcecode.c.h; name = ccdrbg_impl.h; path = Dependencies/corecrypto/ccdrbg_impl.h; sourceTree = SOURCE_ROOT; };
		BFE20E2F237CAA3C00409FF7 /* cccast.h */ = {isa = PBXFileReference; lastKnownFileType = sourcecode.c.h; name = cccast.h; path = Dependencies/corecrypto/cccast.h; sourceTree = SOURCE_ROOT; };
		BFE20E30237CAA3C00409FF7 /* ccchacha20poly1305.h */ = {isa = PBXFileReference; lastKnownFileType = sourcecode.c.h; name = ccchacha20poly1305.h; path = Dependencies/corecrypto/ccchacha20poly1305.h; sourceTree = SOURCE_ROOT; };
		BFE20E31237CAA3C00409FF7 /* cc_priv.h */ = {isa = PBXFileReference; lastKnownFileType = sourcecode.c.h; name = cc_priv.h; path = Dependencies/corecrypto/cc_priv.h; sourceTree = SOURCE_ROOT; };
		BFE20E32237CAA3C00409FF7 /* ccder_rsa.h */ = {isa = PBXFileReference; lastKnownFileType = sourcecode.c.h; name = ccder_rsa.h; path = Dependencies/corecrypto/ccder_rsa.h; sourceTree = SOURCE_ROOT; };
		BFE20E33237CAA3C00409FF7 /* cchmac.h */ = {isa = PBXFileReference; lastKnownFileType = sourcecode.c.h; name = cchmac.h; path = Dependencies/corecrypto/cchmac.h; sourceTree = SOURCE_ROOT; };
		BFE20E34237CAA3C00409FF7 /* ccrng_drbg.h */ = {isa = PBXFileReference; lastKnownFileType = sourcecode.c.h; name = ccrng_drbg.h; path = Dependencies/corecrypto/ccrng_drbg.h; sourceTree = SOURCE_ROOT; };
		BFE20E35237CAA3C00409FF7 /* ccrng_sequence.h */ = {isa = PBXFileReference; lastKnownFileType = sourcecode.c.h; name = ccrng_sequence.h; path = Dependencies/corecrypto/ccrng_sequence.h; sourceTree = SOURCE_ROOT; };
		BFE20E36237CAA3C00409FF7 /* ccdigest.h */ = {isa = PBXFileReference; lastKnownFileType = sourcecode.c.h; name = ccdigest.h; path = Dependencies/corecrypto/ccdigest.h; sourceTree = SOURCE_ROOT; };
		BFE20E37237CAA3C00409FF7 /* ccdh.h */ = {isa = PBXFileReference; lastKnownFileType = sourcecode.c.h; name = ccdh.h; path = Dependencies/corecrypto/ccdh.h; sourceTree = SOURCE_ROOT; };
		BFE20E38237CAA3C00409FF7 /* ccmd4.h */ = {isa = PBXFileReference; lastKnownFileType = sourcecode.c.h; name = ccmd4.h; path = Dependencies/corecrypto/ccmd4.h; sourceTree = SOURCE_ROOT; };
		BFE20E39237CAA3C00409FF7 /* ccec.h */ = {isa = PBXFileReference; lastKnownFileType = sourcecode.c.h; name = ccec.h; path = Dependencies/corecrypto/ccec.h; sourceTree = SOURCE_ROOT; };
		BFE20E3A237CAA3C00409FF7 /* ccperf.h */ = {isa = PBXFileReference; lastKnownFileType = sourcecode.c.h; name = ccperf.h; path = Dependencies/corecrypto/ccperf.h; sourceTree = SOURCE_ROOT; };
		BFE20E3B237CAA3C00409FF7 /* fipspost.h */ = {isa = PBXFileReference; lastKnownFileType = sourcecode.c.h; name = fipspost.h; path = Dependencies/corecrypto/fipspost.h; sourceTree = SOURCE_ROOT; };
		BFE20E3C237CAA3C00409FF7 /* ccnistkdf.h */ = {isa = PBXFileReference; lastKnownFileType = sourcecode.c.h; name = ccnistkdf.h; path = Dependencies/corecrypto/ccnistkdf.h; sourceTree = SOURCE_ROOT; };
		BFE20E3D237CAA3D00409FF7 /* ccdrbg_factory.h */ = {isa = PBXFileReference; lastKnownFileType = sourcecode.c.h; name = ccdrbg_factory.h; path = Dependencies/corecrypto/ccdrbg_factory.h; sourceTree = SOURCE_ROOT; };
		BFE20E3E237CAA3D00409FF7 /* ccrng_rsafips_test.h */ = {isa = PBXFileReference; lastKnownFileType = sourcecode.c.h; name = ccrng_rsafips_test.h; path = Dependencies/corecrypto/ccrng_rsafips_test.h; sourceTree = SOURCE_ROOT; };
		BFE20E3F237CAA3D00409FF7 /* ccmode.h */ = {isa = PBXFileReference; lastKnownFileType = sourcecode.c.h; name = ccmode.h; path = Dependencies/corecrypto/ccmode.h; sourceTree = SOURCE_ROOT; };
		BFE20E40237CAA3D00409FF7 /* ccmode_siv.h */ = {isa = PBXFileReference; lastKnownFileType = sourcecode.c.h; name = ccmode_siv.h; path = Dependencies/corecrypto/ccmode_siv.h; sourceTree = SOURCE_ROOT; };
		BFE20E41237CAA3D00409FF7 /* cc.h */ = {isa = PBXFileReference; lastKnownFileType = sourcecode.c.h; name = cc.h; path = Dependencies/corecrypto/cc.h; sourceTree = SOURCE_ROOT; };
		BFE20E42237CAA3D00409FF7 /* ccsrp.h */ = {isa = PBXFileReference; lastKnownFileType = sourcecode.c.h; name = ccsrp.h; path = Dependencies/corecrypto/ccsrp.h; sourceTree = SOURCE_ROOT; };
		BFE20E43237CAA3D00409FF7 /* ccaes.h */ = {isa = PBXFileReference; lastKnownFileType = sourcecode.c.h; name = ccaes.h; path = Dependencies/corecrypto/ccaes.h; sourceTree = SOURCE_ROOT; };
		BFE20E44237CAA3D00409FF7 /* cc_memory.h */ = {isa = PBXFileReference; lastKnownFileType = sourcecode.c.h; name = cc_memory.h; path = Dependencies/corecrypto/cc_memory.h; sourceTree = SOURCE_ROOT; };
		BFE20E45237CAA3D00409FF7 /* cc_debug.h */ = {isa = PBXFileReference; lastKnownFileType = sourcecode.c.h; name = cc_debug.h; path = Dependencies/corecrypto/cc_debug.h; sourceTree = SOURCE_ROOT; };
		BFE20E46237CAA3D00409FF7 /* ccdh_gp.h */ = {isa = PBXFileReference; lastKnownFileType = sourcecode.c.h; name = ccdh_gp.h; path = Dependencies/corecrypto/ccdh_gp.h; sourceTree = SOURCE_ROOT; };
		BFE20E47237CAA3D00409FF7 /* cccmac.h */ = {isa = PBXFileReference; lastKnownFileType = sourcecode.c.h; name = cccmac.h; path = Dependencies/corecrypto/cccmac.h; sourceTree = SOURCE_ROOT; };
		BFE20E48237CAA3D00409FF7 /* ccmode_factory.h */ = {isa = PBXFileReference; lastKnownFileType = sourcecode.c.h; name = ccmode_factory.h; path = Dependencies/corecrypto/ccmode_factory.h; sourceTree = SOURCE_ROOT; };
		BFE20E49237CAA3E00409FF7 /* ccn.h */ = {isa = PBXFileReference; lastKnownFileType = sourcecode.c.h; name = ccn.h; path = Dependencies/corecrypto/ccn.h; sourceTree = SOURCE_ROOT; };
		BFE20E4A237CAA3E00409FF7 /* ccchacha20poly1305_priv.h */ = {isa = PBXFileReference; lastKnownFileType = sourcecode.c.h; name = ccchacha20poly1305_priv.h; path = Dependencies/corecrypto/ccchacha20poly1305_priv.h; sourceTree = SOURCE_ROOT; };
		BFE20E4B237CAA3E00409FF7 /* ccecies_priv.h */ = {isa = PBXFileReference; lastKnownFileType = sourcecode.c.h; name = ccecies_priv.h; path = Dependencies/corecrypto/ccecies_priv.h; sourceTree = SOURCE_ROOT; };
		BFE20E4C237CAA3E00409FF7 /* ccblowfish.h */ = {isa = PBXFileReference; lastKnownFileType = sourcecode.c.h; name = ccblowfish.h; path = Dependencies/corecrypto/ccblowfish.h; sourceTree = SOURCE_ROOT; };
		BFE20E4D237CAA3E00409FF7 /* ccdigest_priv.h */ = {isa = PBXFileReference; lastKnownFileType = sourcecode.c.h; name = ccdigest_priv.h; path = Dependencies/corecrypto/ccdigest_priv.h; sourceTree = SOURCE_ROOT; };
		BFE20E4E237CAA3E00409FF7 /* ccprime.h */ = {isa = PBXFileReference; lastKnownFileType = sourcecode.c.h; name = ccprime.h; path = Dependencies/corecrypto/ccprime.h; sourceTree = SOURCE_ROOT; };
		BFE20E4F237CAA3E00409FF7 /* ccwrap.h */ = {isa = PBXFileReference; lastKnownFileType = sourcecode.c.h; name = ccwrap.h; path = Dependencies/corecrypto/ccwrap.h; sourceTree = SOURCE_ROOT; };
		BFE20E50237CAA3E00409FF7 /* ccrc2.h */ = {isa = PBXFileReference; lastKnownFileType = sourcecode.c.h; name = ccrc2.h; path = Dependencies/corecrypto/ccrc2.h; sourceTree = SOURCE_ROOT; };
		BFE20E51237CAA3E00409FF7 /* ccecies.h */ = {isa = PBXFileReference; lastKnownFileType = sourcecode.c.h; name = ccecies.h; path = Dependencies/corecrypto/ccecies.h; sourceTree = SOURCE_ROOT; };
		BFE20E52237CAA3E00409FF7 /* ccrng.h */ = {isa = PBXFileReference; lastKnownFileType = sourcecode.c.h; name = ccrng.h; path = Dependencies/corecrypto/ccrng.h; sourceTree = SOURCE_ROOT; };
		BFE20E53237CAA3E00409FF7 /* cc_runtime_config.h */ = {isa = PBXFileReference; lastKnownFileType = sourcecode.c.h; name = cc_runtime_config.h; path = Dependencies/corecrypto/cc_runtime_config.h; sourceTree = SOURCE_ROOT; };
		BFE20E54237CAA3E00409FF7 /* ccder_encode_eckey.h */ = {isa = PBXFileReference; lastKnownFileType = sourcecode.c.h; name = ccder_encode_eckey.h; path = Dependencies/corecrypto/ccder_encode_eckey.h; sourceTree = SOURCE_ROOT; };
		BFE20E55237CAA3E00409FF7 /* cczp_priv.h */ = {isa = PBXFileReference; lastKnownFileType = sourcecode.c.h; name = cczp_priv.h; path = Dependencies/corecrypto/cczp_priv.h; sourceTree = SOURCE_ROOT; };
		BFE20E56237CAA3E00409FF7 /* ccmode_impl.h */ = {isa = PBXFileReference; lastKnownFileType = sourcecode.c.h; name = ccmode_impl.h; path = Dependencies/corecrypto/ccmode_impl.h; sourceTree = SOURCE_ROOT; };
		BFE20E57237CAA3E00409FF7 /* cczp.h */ = {isa = PBXFileReference; lastKnownFileType = sourcecode.c.h; name = cczp.h; path = Dependencies/corecrypto/cczp.h; sourceTree = SOURCE_ROOT; };
		BFE20E58237CAA3E00409FF7 /* ccsrp_gp.h */ = {isa = PBXFileReference; lastKnownFileType = sourcecode.c.h; name = ccsrp_gp.h; path = Dependencies/corecrypto/ccsrp_gp.h; sourceTree = SOURCE_ROOT; };
		BFE20E59237CAA3E00409FF7 /* ccmd2.h */ = {isa = PBXFileReference; lastKnownFileType = sourcecode.c.h; name = ccmd2.h; path = Dependencies/corecrypto/ccmd2.h; sourceTree = SOURCE_ROOT; };
/* End PBXFileReference section */

/* Begin PBXFrameworksBuildPhase section */
		BF5AB3962285FDB200DC914B /* Frameworks */ = {
			isa = PBXFrameworksBuildPhase;
			buildActionMask = 2147483647;
			files = (
				BF17BB7322EA839500D7D842 /* UIKit.framework in Frameworks */,
				BF9B6375229DCD4D002F0A62 /* libz.tbd in Frameworks */,
				BF9B6340229DC9DD002F0A62 /* openssl.framework in Frameworks */,
				BFBAC93A2295FCB500587369 /* libxml2.2.tbd in Frameworks */,
				BFBAC8F42295EFE300587369 /* libldid.a in Frameworks */,
			);
			runOnlyForDeploymentPostprocessing = 0;
		};
		BF9B6393229DCF3A002F0A62 /* Frameworks */ = {
			isa = PBXFrameworksBuildPhase;
			buildActionMask = 2147483647;
			files = (
				BF9B63A5229DCFAD002F0A62 /* openssl.framework in Frameworks */,
				BF9B6395229DCF3A002F0A62 /* libz.tbd in Frameworks */,
				BF9B6397229DCF3A002F0A62 /* libxml2.2.tbd in Frameworks */,
				BF9B6399229DCF3A002F0A62 /* libldid.a in Frameworks */,
			);
			runOnlyForDeploymentPostprocessing = 0;
		};
		BFBAC8A72295ED1900587369 /* Frameworks */ = {
			isa = PBXFrameworksBuildPhase;
			buildActionMask = 2147483647;
			files = (
				BFBAC8F32295EF0500587369 /* libxml2.2.tbd in Frameworks */,
			);
			runOnlyForDeploymentPostprocessing = 0;
		};
/* End PBXFrameworksBuildPhase section */

/* Begin PBXGroup section */
		BF48CFE0229435CB0004760B /* Dependencies */ = {
			isa = PBXGroup;
			children = (
				BFE20E0D237CAA2500409FF7 /* corecrypto */,
				BF48CFE1229435DB0004760B /* OpenSSL.xcodeproj */,
				BF9B63D3229DD8E8002F0A62 /* minizip */,
			);
			name = Dependencies;
			sourceTree = "<group>";
		};
		BF48CFE2229435DB0004760B /* Products */ = {
			isa = PBXGroup;
			children = (
				BF48CFE7229435DB0004760B /* openssl.framework */,
				BF48CFE9229435DB0004760B /* openssl.framework */,
			);
			name = Products;
			sourceTree = "<group>";
		};
		BF48CFEA229435F50004760B /* Frameworks */ = {
			isa = PBXGroup;
			children = (
				BF17BB7222EA839400D7D842 /* UIKit.framework */,
				BF9B6376229DCDAC002F0A62 /* libbz2.tbd */,
				BF9B6373229DCD2A002F0A62 /* libzip_iOS.framework */,
				BFBAC9302295F64600587369 /* libz.tbd */,
				BFBAC8F22295EF0500587369 /* libxml2.2.tbd */,
			);
			name = Frameworks;
			sourceTree = "<group>";
		};
		BF50E7C722C1694A0070E17B /* ldid */ = {
			isa = PBXGroup;
			children = (
				BF50E7C822C169560070E17B /* alt_ldid.hpp */,
				BF50E7C322C1690B0070E17B /* alt_ldid.cpp */,
			);
			path = ldid;
			sourceTree = "<group>";
		};
		BF50E7D322C293F80070E17B /* Capabilities */ = {
			isa = PBXGroup;
			children = (
				BF50E7CD22C28F8B0070E17B /* ALTCapabilities.h */,
				BF50E7CE22C28F8B0070E17B /* ALTCapabilities.m */,
			);
			path = Capabilities;
			sourceTree = "<group>";
		};
		BF50E7D422C29BBF0070E17B /* Apple API */ = {
			isa = PBXGroup;
			children = (
				BF9B633E229DC27C002F0A62 /* ALTModel+Internal.h */,
				BF5AB3B72286024D00DC914B /* ALTAccount.h */,
				BF5AB3B82286024D00DC914B /* ALTAccount.m */,
				BFE20E05237C932600409FF7 /* ALTAnisetteData.h */,
				BFE20E06237C932600409FF7 /* ALTAnisetteData.m */,
				BF5AB3C32286157F00DC914B /* ALTTeam.h */,
				BF5AB3C42286157F00DC914B /* ALTTeam.m */,
				BF5AB3C72286269B00DC914B /* ALTDevice.h */,
				BF5AB3C82286269B00DC914B /* ALTDevice.m */,
				BF5AB3CB228645DF00DC914B /* ALTCertificate.h */,
				BF5AB3CC228645DF00DC914B /* ALTCertificate.m */,
				BF48CFEC229437580004760B /* ALTCertificateRequest.h */,
				BF48CFED229437580004760B /* ALTCertificateRequest.m */,
				BF48CFF422944FC60004760B /* ALTAppID.h */,
				BF48CFF522944FC60004760B /* ALTAppID.m */,
				BF50E7B622C161630070E17B /* ALTAppGroup.h */,
				BF50E7B722C161630070E17B /* ALTAppGroup.m */,
				BFBAC8892295D90F00587369 /* ALTProvisioningProfile.h */,
				BFBAC88A2295D90F00587369 /* ALTProvisioningProfile.m */,
			);
			path = "Apple API";
			sourceTree = "<group>";
		};
		BF5AB38F2285FDB200DC914B = {
			isa = PBXGroup;
			children = (
				BF5AB39B2285FDB200DC914B /* AltSign */,
				BFBAC8AB2295ED1900587369 /* ldid */,
				BF5AB39A2285FDB200DC914B /* Products */,
				BF48CFEA229435F50004760B /* Frameworks */,
			);
			sourceTree = "<group>";
		};
		BF5AB39A2285FDB200DC914B /* Products */ = {
			isa = PBXGroup;
			children = (
				BF5AB3992285FDB200DC914B /* AltSign.framework */,
				BFBAC8AA2295ED1900587369 /* libldid.a */,
				BF9B639E229DCF3A002F0A62 /* AltSign.framework */,
			);
			name = Products;
			sourceTree = "<group>";
		};
		BF5AB39B2285FDB200DC914B /* AltSign */ = {
			isa = PBXGroup;
			children = (
				BF5AB3B3228600D100DC914B /* AltSign.h */,
				BFBAC8992295E1A200587369 /* Apple API */,
				BF5AB3C2228604E700DC914B /* Model */,
				BF9B6418229E0DF4002F0A62 /* Signing */,
				BF50E7D322C293F80070E17B /* Capabilities */,
				BF50E7C722C1694A0070E17B /* ldid */,
				BF5AB3C12286040800DC914B /* Categories */,
				BF9B641B229E0DF4002F0A62 /* Resources */,
				BF48CFE0229435CB0004760B /* Dependencies */,
				BF5AB39D2285FDB200DC914B /* Info.plist */,
			);
			path = AltSign;
			sourceTree = "<group>";
		};
		BF5AB3C12286040800DC914B /* Categories */ = {
			isa = PBXGroup;
			children = (
				BF5AB3BD2286040400DC914B /* NSError+ALTErrors.h */,
				BF5AB3BE2286040400DC914B /* NSError+ALTErrors.m */,
				BF9B6412229E0CCE002F0A62 /* NSFileManager+Apps.h */,
				BF9B6413229E0CCE002F0A62 /* NSFileManager+Apps.m */,
			);
			path = Categories;
			sourceTree = "<group>";
		};
		BF5AB3C2228604E700DC914B /* Model */ = {
			isa = PBXGroup;
			children = (
				BF50E7BD22C163DC0070E17B /* ALTApplication.h */,
				BF50E7BE22C163DC0070E17B /* ALTApplication.mm */,
				BF50E7D422C29BBF0070E17B /* Apple API */,
			);
			path = Model;
			sourceTree = "<group>";
		};
		BF9B63D3229DD8E8002F0A62 /* minizip */ = {
			isa = PBXGroup;
			children = (
				BF9B63F7229E0A9F002F0A62 /* crypt.h */,
				BF9B63F8229E0A9F002F0A62 /* ioapi.c */,
				BF9B63FA229E0AA0002F0A62 /* ioapi.h */,
				BF9B63FE229E0AA0002F0A62 /* mztools.c */,
				BF9B63FB229E0AA0002F0A62 /* mztools.h */,
				BF9B63FC229E0AA0002F0A62 /* unzip.c */,
				BF9B63FF229E0AA0002F0A62 /* unzip.h */,
				BF9B63FD229E0AA0002F0A62 /* zip.c */,
				BF9B63F9229E0A9F002F0A62 /* zip.h */,
			);
			name = minizip;
			sourceTree = "<group>";
		};
		BF9B6418229E0DF4002F0A62 /* Signing */ = {
			isa = PBXGroup;
			children = (
				BF9B6419229E0DF4002F0A62 /* ALTSigner.h */,
				BF9B641A229E0DF4002F0A62 /* ALTSigner.mm */,
			);
			path = Signing;
			sourceTree = "<group>";
		};
		BF9B641B229E0DF4002F0A62 /* Resources */ = {
			isa = PBXGroup;
			children = (
				BF9B641C229E0DF4002F0A62 /* apple.pem */,
			);
			path = Resources;
			sourceTree = "<group>";
		};
		BFBAC8992295E1A200587369 /* Apple API */ = {
			isa = PBXGroup;
			children = (
				BFBAC88F2295E05600587369 /* ALTAppleAPI.h */,
				BFD80D532380A00B00B9C227 /* ALTAppleAPI_Private.h */,
				BFBAC8902295E05600587369 /* ALTAppleAPI.m */,
				BFD80D4D23809EE100B9C227 /* ALTAppleAPI+Authentication.h */,
				BFD80D4E23809EE100B9C227 /* ALTAppleAPI+Authentication.m */,
				BF5D43F4237F53BB00EC8745 /* ALTAppleAPISession.h */,
				BF5D43F5237F53BB00EC8745 /* ALTAppleAPISession.m */,
			);
			path = "Apple API";
			sourceTree = "<group>";
		};
		BFBAC8AB2295ED1900587369 /* ldid */ = {
			isa = PBXGroup;
			children = (
				BFBAC8E12295ED6C00587369 /* ldid.hpp */,
				BFBAC8DF2295ED6C00587369 /* ldid.cpp */,
				BFBAC8E22295ED6C00587369 /* lookup2.c */,
				BFBAC8E02295ED6C00587369 /* sha1.h */,
				BFBAC8B32295ED3600587369 /* libplist */,
				BFBAC8E52295EE2500587369 /* libcnary */,
			);
			path = ldid;
			sourceTree = "<group>";
		};
		BFBAC8B32295ED3600587369 /* libplist */ = {
			isa = PBXGroup;
			children = (
				BF0C4E9122A1B3BF009A2DD7 /* Array.cpp */,
				BF0C4E8F22A1B3BE009A2DD7 /* base64.c */,
				BF0C4E8622A1B3BE009A2DD7 /* base64.h */,
				BF0C4E9422A1B3BF009A2DD7 /* Boolean.cpp */,
				BF0C4E9522A1B3BF009A2DD7 /* bplist.c */,
				BF0C4E8922A1B3BE009A2DD7 /* bytearray.c */,
				BF0C4E9722A1B3BF009A2DD7 /* bytearray.h */,
				BF0C4E9F22A1B3BF009A2DD7 /* Data.cpp */,
				BF0C4E8822A1B3BE009A2DD7 /* Date.cpp */,
				BF0C4E9A22A1B3BF009A2DD7 /* Dictionary.cpp */,
				BF0C4E9E22A1B3BF009A2DD7 /* hashtable.c */,
				BF0C4E9622A1B3BF009A2DD7 /* hashtable.h */,
				BF0C4E9B22A1B3BF009A2DD7 /* Integer.cpp */,
				BF0C4E9822A1B3BF009A2DD7 /* Key.cpp */,
				BF0C4E8522A1B3BE009A2DD7 /* Node.cpp */,
				BF0C4E8D22A1B3BE009A2DD7 /* plist.c */,
				BF0C4E8B22A1B3BE009A2DD7 /* plist.h */,
				BF0C4E9C22A1B3BF009A2DD7 /* ptrarray.c */,
				BF0C4E9322A1B3BF009A2DD7 /* ptrarray.h */,
				BF0C4E8722A1B3BE009A2DD7 /* Real.cpp */,
				BF0C4E9022A1B3BE009A2DD7 /* strbuf.h */,
				BF0C4E9D22A1B3BF009A2DD7 /* String.cpp */,
				BF0C4E8C22A1B3BE009A2DD7 /* Structure.cpp */,
				BF0C4E9922A1B3BF009A2DD7 /* time64_limits.h */,
				BF0C4E8A22A1B3BE009A2DD7 /* time64.c */,
				BF0C4E8E22A1B3BE009A2DD7 /* time64.h */,
				BF0C4E8422A1B3BE009A2DD7 /* Uid.cpp */,
				BF0C4E9222A1B3BF009A2DD7 /* xplist.c */,
			);
			name = libplist;
			sourceTree = "<group>";
		};
		BFBAC8E52295EE2500587369 /* libcnary */ = {
			isa = PBXGroup;
			children = (
				BF0C4EB522A1B3CC009A2DD7 /* cnary.c */,
				BF0C4EB622A1B3CC009A2DD7 /* node_list.c */,
				BF0C4EB422A1B3CC009A2DD7 /* node.c */,
			);
			name = libcnary;
			sourceTree = "<group>";
		};
		BFE20E0D237CAA2500409FF7 /* corecrypto */ = {
			isa = PBXGroup;
			children = (
				BFE20E28237CAA3B00409FF7 /* cc_config.h */,
				BFE20E45237CAA3D00409FF7 /* cc_debug.h */,
				BFE20E44237CAA3D00409FF7 /* cc_memory.h */,
				BFE20E31237CAA3C00409FF7 /* cc_priv.h */,
				BFE20E53237CAA3E00409FF7 /* cc_runtime_config.h */,
				BFE20E41237CAA3D00409FF7 /* cc.h */,
				BFE20E43237CAA3D00409FF7 /* ccaes.h */,
				BFE20E13237CAA3A00409FF7 /* ccansikdf.h */,
				BFE20E21237CAA3B00409FF7 /* ccasn1.h */,
				BFE20E4C237CAA3E00409FF7 /* ccblowfish.h */,
				BFE20E2F237CAA3C00409FF7 /* cccast.h */,
				BFE20E4A237CAA3E00409FF7 /* ccchacha20poly1305_priv.h */,
				BFE20E30237CAA3C00409FF7 /* ccchacha20poly1305.h */,
				BFE20E47237CAA3D00409FF7 /* cccmac.h */,
				BFE20E25237CAA3B00409FF7 /* ccder_decode_eckey.h */,
				BFE20E54237CAA3E00409FF7 /* ccder_encode_eckey.h */,
				BFE20E16237CAA3B00409FF7 /* ccder_priv.h */,
				BFE20E32237CAA3C00409FF7 /* ccder_rsa.h */,
				BFE20E0E237CAA3A00409FF7 /* ccder.h */,
				BFE20E23237CAA3B00409FF7 /* ccdes.h */,
				BFE20E46237CAA3D00409FF7 /* ccdh_gp.h */,
				BFE20E2B237CAA3C00409FF7 /* ccdh_priv.h */,
				BFE20E37237CAA3C00409FF7 /* ccdh.h */,
				BFE20E4D237CAA3E00409FF7 /* ccdigest_priv.h */,
				BFE20E36237CAA3C00409FF7 /* ccdigest.h */,
				BFE20E3D237CAA3D00409FF7 /* ccdrbg_factory.h */,
				BFE20E2E237CAA3C00409FF7 /* ccdrbg_impl.h */,
				BFE20E1B237CAA3B00409FF7 /* ccdrbg.h */,
				BFE20E12237CAA3A00409FF7 /* ccec_priv.h */,
				BFE20E39237CAA3C00409FF7 /* ccec.h */,
				BFE20E1E237CAA3B00409FF7 /* ccec25519_priv.h */,
				BFE20E0F237CAA3A00409FF7 /* ccec25519.h */,
				BFE20E4B237CAA3E00409FF7 /* ccecies_priv.h */,
				BFE20E51237CAA3E00409FF7 /* ccecies.h */,
				BFE20E11237CAA3A00409FF7 /* cchkdf.h */,
				BFE20E33237CAA3C00409FF7 /* cchmac.h */,
				BFE20E59237CAA3E00409FF7 /* ccmd2.h */,
				BFE20E38237CAA3C00409FF7 /* ccmd4.h */,
				BFE20E1D237CAA3B00409FF7 /* ccmd5.h */,
				BFE20E48237CAA3D00409FF7 /* ccmode_factory.h */,
				BFE20E56237CAA3E00409FF7 /* ccmode_impl.h */,
				BFE20E10237CAA3A00409FF7 /* ccmode_siv_priv.h */,
				BFE20E40237CAA3D00409FF7 /* ccmode_siv.h */,
				BFE20E3F237CAA3D00409FF7 /* ccmode.h */,
				BFE20E26237CAA3B00409FF7 /* ccn_priv.h */,
				BFE20E49237CAA3E00409FF7 /* ccn.h */,
				BFE20E3C237CAA3C00409FF7 /* ccnistkdf.h */,
				BFE20E2A237CAA3B00409FF7 /* ccpad.h */,
				BFE20E14237CAA3A00409FF7 /* ccpbkdf2.h */,
				BFE20E3A237CAA3C00409FF7 /* ccperf.h */,
				BFE20E4E237CAA3E00409FF7 /* ccprime.h */,
				BFE20E50237CAA3E00409FF7 /* ccrc2.h */,
				BFE20E15237CAA3A00409FF7 /* ccrc4.h */,
				BFE20E24237CAA3B00409FF7 /* ccripemd.h */,
				BFE20E34237CAA3C00409FF7 /* ccrng_drbg.h */,
				BFE20E17237CAA3B00409FF7 /* ccrng_ecfips_test.h */,
				BFE20E2D237CAA3C00409FF7 /* ccrng_pbkdf2_prng.h */,
				BFE20E1A237CAA3B00409FF7 /* ccrng_priv.h */,
				BFE20E3E237CAA3D00409FF7 /* ccrng_rsafips_test.h */,
				BFE20E35237CAA3C00409FF7 /* ccrng_sequence.h */,
				BFE20E22237CAA3B00409FF7 /* ccrng_system.h */,
				BFE20E18237CAA3B00409FF7 /* ccrng_test.h */,
				BFE20E52237CAA3E00409FF7 /* ccrng.h */,
				BFE20E19237CAA3B00409FF7 /* ccrsa_priv.h */,
				BFE20E2C237CAA3C00409FF7 /* ccrsa.h */,
				BFE20E1F237CAA3B00409FF7 /* ccsha1.h */,
				BFE20E20237CAA3B00409FF7 /* ccsha2.h */,
				BFE20E58237CAA3E00409FF7 /* ccsrp_gp.h */,
				BFE20E42237CAA3D00409FF7 /* ccsrp.h */,
				BF5C690C24A5205E00C2F854 /* ccsrp.m */,
				BFE20E29237CAA3B00409FF7 /* cctest.h */,
				BFE20E4F237CAA3E00409FF7 /* ccwrap.h */,
				BFE20E27237CAA3B00409FF7 /* ccz_priv.h */,
				BFE20E1C237CAA3B00409FF7 /* ccz.h */,
				BFE20E55237CAA3E00409FF7 /* cczp_priv.h */,
				BFE20E57237CAA3E00409FF7 /* cczp.h */,
				BFE20E3B237CAA3C00409FF7 /* fipspost.h */,
			);
			name = corecrypto;
			sourceTree = "<group>";
		};
/* End PBXGroup section */

/* Begin PBXHeadersBuildPhase section */
		BF5AB3942285FDB200DC914B /* Headers */ = {
			isa = PBXHeadersBuildPhase;
			buildActionMask = 2147483647;
			files = (
				BFBAC8912295E05600587369 /* ALTAppleAPI.h in Headers */,
				BFE20E07237C932600409FF7 /* ALTAnisetteData.h in Headers */,
				BF9B6400229E0AA0002F0A62 /* crypt.h in Headers */,
				BFBAC88B2295D90F00587369 /* ALTProvisioningProfile.h in Headers */,
				BF5AB3B92286024D00DC914B /* ALTAccount.h in Headers */,
				BFD80D542380A00B00B9C227 /* ALTAppleAPI_Private.h in Headers */,
				BF50E7BF22C163DC0070E17B /* ALTApplication.h in Headers */,
				BF5AB3BF2286040400DC914B /* NSError+ALTErrors.h in Headers */,
				BF5AB3CD228645DF00DC914B /* ALTCertificate.h in Headers */,
				BF48CFEE229437580004760B /* ALTCertificateRequest.h in Headers */,
				BF50E7CF22C28F8B0070E17B /* ALTCapabilities.h in Headers */,
				BF9B6408229E0AA0002F0A62 /* mztools.h in Headers */,
				BF5AB3C92286269B00DC914B /* ALTDevice.h in Headers */,
				BF9B6404229E0AA0002F0A62 /* zip.h in Headers */,
				BF9B641D229E0DF5002F0A62 /* ALTSigner.h in Headers */,
				BF9B6414229E0CCE002F0A62 /* NSFileManager+Apps.h in Headers */,
				BF50E7B822C161630070E17B /* ALTAppGroup.h in Headers */,
				BF9B6410229E0AA0002F0A62 /* unzip.h in Headers */,
				BF9B6406229E0AA0002F0A62 /* ioapi.h in Headers */,
				BFD80D4F23809EE100B9C227 /* ALTAppleAPI+Authentication.h in Headers */,
				BF9B633F229DC27C002F0A62 /* ALTModel+Internal.h in Headers */,
				BF5AB3B5228600D100DC914B /* AltSign.h in Headers */,
				BF5AB3C52286157F00DC914B /* ALTTeam.h in Headers */,
				BF5D43F6237F53BB00EC8745 /* ALTAppleAPISession.h in Headers */,
				BF48CFF622944FC60004760B /* ALTAppID.h in Headers */,
			);
			runOnlyForDeploymentPostprocessing = 0;
		};
		BF9B637D229DCF3A002F0A62 /* Headers */ = {
			isa = PBXHeadersBuildPhase;
			buildActionMask = 2147483647;
			files = (
				BF9B637E229DCF3A002F0A62 /* ALTAppleAPI.h in Headers */,
				BFE20E08237C932600409FF7 /* ALTAnisetteData.h in Headers */,
				BF9B6401229E0AA0002F0A62 /* crypt.h in Headers */,
				BF9B637F229DCF3A002F0A62 /* ALTProvisioningProfile.h in Headers */,
				BF9B6380229DCF3A002F0A62 /* ALTAccount.h in Headers */,
				BFD80D552380A00B00B9C227 /* ALTAppleAPI_Private.h in Headers */,
				BF50E7C022C163DC0070E17B /* ALTApplication.h in Headers */,
				BF9B6381229DCF3A002F0A62 /* NSError+ALTErrors.h in Headers */,
				BF9B6382229DCF3A002F0A62 /* ALTCertificate.h in Headers */,
				BF9B6383229DCF3A002F0A62 /* ALTCertificateRequest.h in Headers */,
				BF50E7D022C28F8B0070E17B /* ALTCapabilities.h in Headers */,
				BF9B6409229E0AA0002F0A62 /* mztools.h in Headers */,
				BF9B6384229DCF3A002F0A62 /* ALTDevice.h in Headers */,
				BF9B6405229E0AA0002F0A62 /* zip.h in Headers */,
				BF9B641E229E0DF5002F0A62 /* ALTSigner.h in Headers */,
				BF9B6415229E0CCE002F0A62 /* NSFileManager+Apps.h in Headers */,
				BF50E7B922C161630070E17B /* ALTAppGroup.h in Headers */,
				BF9B6411229E0AA0002F0A62 /* unzip.h in Headers */,
				BF9B6407229E0AA0002F0A62 /* ioapi.h in Headers */,
				BFD80D5023809EE100B9C227 /* ALTAppleAPI+Authentication.h in Headers */,
				BF9B6385229DCF3A002F0A62 /* ALTModel+Internal.h in Headers */,
				BF9B6386229DCF3A002F0A62 /* AltSign.h in Headers */,
				BF9B6387229DCF3A002F0A62 /* ALTTeam.h in Headers */,
				BF5D43F7237F53BB00EC8745 /* ALTAppleAPISession.h in Headers */,
				BF9B6388229DCF3A002F0A62 /* ALTAppID.h in Headers */,
			);
			runOnlyForDeploymentPostprocessing = 0;
		};
/* End PBXHeadersBuildPhase section */

/* Begin PBXNativeTarget section */
		BF5AB3982285FDB200DC914B /* AltSign */ = {
			isa = PBXNativeTarget;
			buildConfigurationList = BF5AB3A12285FDB200DC914B /* Build configuration list for PBXNativeTarget "AltSign" */;
			buildPhases = (
				BF5AB3942285FDB200DC914B /* Headers */,
				BF5AB3952285FDB200DC914B /* Sources */,
				BF5AB3962285FDB200DC914B /* Frameworks */,
				BF5AB3972285FDB200DC914B /* Resources */,
			);
			buildRules = (
			);
			dependencies = (
				BF4586B622987AE400BD7491 /* PBXTargetDependency */,
			);
			name = AltSign;
			productName = AltSign;
			productReference = BF5AB3992285FDB200DC914B /* AltSign.framework */;
			productType = "com.apple.product-type.framework";
		};
		BF9B6378229DCF3A002F0A62 /* AltSign-macOS */ = {
			isa = PBXNativeTarget;
			buildConfigurationList = BF9B639B229DCF3A002F0A62 /* Build configuration list for PBXNativeTarget "AltSign-macOS" */;
			buildPhases = (
				BF9B637D229DCF3A002F0A62 /* Headers */,
				BF9B6389229DCF3A002F0A62 /* Sources */,
				BF9B6393229DCF3A002F0A62 /* Frameworks */,
				BF9B639A229DCF3A002F0A62 /* Resources */,
			);
			buildRules = (
			);
			dependencies = (
				BF9B63A1229DCFA4002F0A62 /* PBXTargetDependency */,
			);
			name = "AltSign-macOS";
			productName = AltSign;
			productReference = BF9B639E229DCF3A002F0A62 /* AltSign.framework */;
			productType = "com.apple.product-type.framework";
		};
		BFBAC8A92295ED1900587369 /* ldid */ = {
			isa = PBXNativeTarget;
			buildConfigurationList = BFBAC8B02295ED1900587369 /* Build configuration list for PBXNativeTarget "ldid" */;
			buildPhases = (
				BFBAC8A62295ED1900587369 /* Sources */,
				BFBAC8A72295ED1900587369 /* Frameworks */,
				BFBAC8A82295ED1900587369 /* CopyFiles */,
			);
			buildRules = (
			);
			dependencies = (
			);
			name = ldid;
			productName = ldid;
			productReference = BFBAC8AA2295ED1900587369 /* libldid.a */;
			productType = "com.apple.product-type.library.static";
		};
/* End PBXNativeTarget section */

/* Begin PBXProject section */
		BF5AB3902285FDB200DC914B /* Project object */ = {
			isa = PBXProject;
			attributes = {
				LastUpgradeCheck = 1020;
				ORGANIZATIONNAME = "Riley Testut";
				TargetAttributes = {
					BF5AB3982285FDB200DC914B = {
						CreatedOnToolsVersion = 10.2.1;
					};
					BFBAC8A92295ED1900587369 = {
						CreatedOnToolsVersion = 10.2.1;
					};
				};
			};
			buildConfigurationList = BF5AB3932285FDB200DC914B /* Build configuration list for PBXProject "AltSign" */;
			compatibilityVersion = "Xcode 9.3";
			developmentRegion = en;
			hasScannedForEncodings = 0;
			knownRegions = (
				en,
			);
			mainGroup = BF5AB38F2285FDB200DC914B;
			productRefGroup = BF5AB39A2285FDB200DC914B /* Products */;
			projectDirPath = "";
			projectReferences = (
				{
					ProductGroup = BF48CFE2229435DB0004760B /* Products */;
					ProjectRef = BF48CFE1229435DB0004760B /* OpenSSL.xcodeproj */;
				},
			);
			projectRoot = "";
			targets = (
				BF5AB3982285FDB200DC914B /* AltSign */,
				BFBAC8A92295ED1900587369 /* ldid */,
				BF9B6378229DCF3A002F0A62 /* AltSign-macOS */,
			);
		};
/* End PBXProject section */

/* Begin PBXReferenceProxy section */
		BF48CFE7229435DB0004760B /* openssl.framework */ = {
			isa = PBXReferenceProxy;
			fileType = wrapper.framework;
			path = openssl.framework;
			remoteRef = BF48CFE6229435DB0004760B /* PBXContainerItemProxy */;
			sourceTree = BUILT_PRODUCTS_DIR;
		};
		BF48CFE9229435DB0004760B /* openssl.framework */ = {
			isa = PBXReferenceProxy;
			fileType = wrapper.framework;
			path = openssl.framework;
			remoteRef = BF48CFE8229435DB0004760B /* PBXContainerItemProxy */;
			sourceTree = BUILT_PRODUCTS_DIR;
		};
/* End PBXReferenceProxy section */

/* Begin PBXResourcesBuildPhase section */
		BF5AB3972285FDB200DC914B /* Resources */ = {
			isa = PBXResourcesBuildPhase;
			buildActionMask = 2147483647;
			files = (
				BF9B6421229E0DF5002F0A62 /* apple.pem in Resources */,
			);
			runOnlyForDeploymentPostprocessing = 0;
		};
		BF9B639A229DCF3A002F0A62 /* Resources */ = {
			isa = PBXResourcesBuildPhase;
			buildActionMask = 2147483647;
			files = (
				BF9B6422229E0DF5002F0A62 /* apple.pem in Resources */,
			);
			runOnlyForDeploymentPostprocessing = 0;
		};
/* End PBXResourcesBuildPhase section */

/* Begin PBXSourcesBuildPhase section */
		BF5AB3952285FDB200DC914B /* Sources */ = {
			isa = PBXSourcesBuildPhase;
			buildActionMask = 2147483647;
			files = (
				BF9B641F229E0DF5002F0A62 /* ALTSigner.mm in Sources */,
				BF48CFF0229438C10004760B /* ALTCertificateRequest.m in Sources */,
				BFBAC88C2295D90F00587369 /* ALTProvisioningProfile.m in Sources */,
				BF5AB3C62286157F00DC914B /* ALTTeam.m in Sources */,
				BF5D43F8237F53BB00EC8745 /* ALTAppleAPISession.m in Sources */,
				BF5AB3CA2286269B00DC914B /* ALTDevice.m in Sources */,
				BF9B640E229E0AA0002F0A62 /* mztools.c in Sources */,
				BFD80D5123809EE100B9C227 /* ALTAppleAPI+Authentication.m in Sources */,
				BFBAC8922295E05600587369 /* ALTAppleAPI.m in Sources */,
				BF50E7BA22C161630070E17B /* ALTAppGroup.m in Sources */,
				BF9B6416229E0CCE002F0A62 /* NSFileManager+Apps.m in Sources */,
				BF48CFF722944FC60004760B /* ALTAppID.m in Sources */,
				BF9B640A229E0AA0002F0A62 /* unzip.c in Sources */,
				BF5AB3CE228645DF00DC914B /* ALTCertificate.m in Sources */,
				BF5AB3BA2286024D00DC914B /* ALTAccount.m in Sources */,
				BF5C690D24A5205E00C2F854 /* ccsrp.m in Sources */,
				BF50E7C122C163DC0070E17B /* ALTApplication.mm in Sources */,
				BF9B6402229E0AA0002F0A62 /* ioapi.c in Sources */,
				BF9B640C229E0AA0002F0A62 /* zip.c in Sources */,
				BFE20E09237C932600409FF7 /* ALTAnisetteData.m in Sources */,
				BF5AB3C02286040400DC914B /* NSError+ALTErrors.m in Sources */,
				BF50E7D122C28F8B0070E17B /* ALTCapabilities.m in Sources */,
			);
			runOnlyForDeploymentPostprocessing = 0;
		};
		BF9B6389229DCF3A002F0A62 /* Sources */ = {
			isa = PBXSourcesBuildPhase;
			buildActionMask = 2147483647;
			files = (
				BF9B6420229E0DF5002F0A62 /* ALTSigner.mm in Sources */,
				BF9B638A229DCF3A002F0A62 /* ALTCertificateRequest.m in Sources */,
				BF9B638B229DCF3A002F0A62 /* ALTProvisioningProfile.m in Sources */,
				BF9B638C229DCF3A002F0A62 /* ALTTeam.m in Sources */,
				BF5D43F9237F53BB00EC8745 /* ALTAppleAPISession.m in Sources */,
				BF9B638D229DCF3A002F0A62 /* ALTDevice.m in Sources */,
				BF9B640F229E0AA0002F0A62 /* mztools.c in Sources */,
				BFD80D5223809EE100B9C227 /* ALTAppleAPI+Authentication.m in Sources */,
				BF9B638E229DCF3A002F0A62 /* ALTAppleAPI.m in Sources */,
				BF50E7BB22C161630070E17B /* ALTAppGroup.m in Sources */,
				BF9B6417229E0CCE002F0A62 /* NSFileManager+Apps.m in Sources */,
				BF9B638F229DCF3A002F0A62 /* ALTAppID.m in Sources */,
				BF9B640B229E0AA0002F0A62 /* unzip.c in Sources */,
				BF9B6390229DCF3A002F0A62 /* ALTCertificate.m in Sources */,
				BF9B6391229DCF3A002F0A62 /* ALTAccount.m in Sources */,
				BF5C690E24A5205E00C2F854 /* ccsrp.m in Sources */,
				BF50E7C222C163DC0070E17B /* ALTApplication.mm in Sources */,
				BF9B6403229E0AA0002F0A62 /* ioapi.c in Sources */,
				BF9B640D229E0AA0002F0A62 /* zip.c in Sources */,
				BFE20E0A237C932600409FF7 /* ALTAnisetteData.m in Sources */,
				BF9B6392229DCF3A002F0A62 /* NSError+ALTErrors.m in Sources */,
				BF50E7D222C28F8B0070E17B /* ALTCapabilities.m in Sources */,
			);
			runOnlyForDeploymentPostprocessing = 0;
		};
		BFBAC8A62295ED1900587369 /* Sources */ = {
			isa = PBXSourcesBuildPhase;
			buildActionMask = 2147483647;
			files = (
				BF0C4EAE22A1B3BF009A2DD7 /* Dictionary.cpp in Sources */,
				BF0C4EAA22A1B3BF009A2DD7 /* xplist.c in Sources */,
				BF0C4EB222A1B3BF009A2DD7 /* hashtable.c in Sources */,
				BF0C4EB122A1B3BF009A2DD7 /* String.cpp in Sources */,
				BF0C4EAD22A1B3BF009A2DD7 /* Key.cpp in Sources */,
				BF0C4EB022A1B3BF009A2DD7 /* ptrarray.c in Sources */,
				BF0C4EA622A1B3BF009A2DD7 /* Structure.cpp in Sources */,
				BF0C4EAF22A1B3BF009A2DD7 /* Integer.cpp in Sources */,
				BF50E7C622C169290070E17B /* alt_ldid.cpp in Sources */,
				BF0C4EA822A1B3BF009A2DD7 /* base64.c in Sources */,
				BF0C4EA022A1B3BF009A2DD7 /* Uid.cpp in Sources */,
				BFBAC8E42295ED6C00587369 /* lookup2.c in Sources */,
				BF0C4EB722A1B3CC009A2DD7 /* node.c in Sources */,
				BF0C4EA522A1B3BF009A2DD7 /* time64.c in Sources */,
				BF0C4EA922A1B3BF009A2DD7 /* Array.cpp in Sources */,
				BF0C4EA422A1B3BF009A2DD7 /* bytearray.c in Sources */,
				BF0C4EAB22A1B3BF009A2DD7 /* Boolean.cpp in Sources */,
				BF0C4EA722A1B3BF009A2DD7 /* plist.c in Sources */,
				BF0C4EB922A1B3CC009A2DD7 /* node_list.c in Sources */,
				BF0C4EA322A1B3BF009A2DD7 /* Date.cpp in Sources */,
				BF0C4EA122A1B3BF009A2DD7 /* Node.cpp in Sources */,
				BF0C4EB322A1B3BF009A2DD7 /* Data.cpp in Sources */,
				BF0C4EB822A1B3CC009A2DD7 /* cnary.c in Sources */,
				BF0C4EAC22A1B3BF009A2DD7 /* bplist.c in Sources */,
				BF0C4EA222A1B3BF009A2DD7 /* Real.cpp in Sources */,
			);
			runOnlyForDeploymentPostprocessing = 0;
		};
/* End PBXSourcesBuildPhase section */

/* Begin PBXTargetDependency section */
		BF4586B622987AE400BD7491 /* PBXTargetDependency */ = {
			isa = PBXTargetDependency;
			name = "OpenSSL (iOS)";
			targetProxy = BF4586B522987AE400BD7491 /* PBXContainerItemProxy */;
		};
		BF9B63A1229DCFA4002F0A62 /* PBXTargetDependency */ = {
			isa = PBXTargetDependency;
			name = "OpenSSL (macOS)";
			targetProxy = BF9B63A0229DCFA4002F0A62 /* PBXContainerItemProxy */;
		};
/* End PBXTargetDependency section */

/* Begin XCBuildConfiguration section */
		BF5AB39F2285FDB200DC914B /* Debug */ = {
			isa = XCBuildConfiguration;
			buildSettings = {
				ALWAYS_SEARCH_USER_PATHS = NO;
				CLANG_ANALYZER_NONNULL = YES;
				CLANG_ANALYZER_NUMBER_OBJECT_CONVERSION = YES_AGGRESSIVE;
				CLANG_CXX_LANGUAGE_STANDARD = "gnu++14";
				CLANG_CXX_LIBRARY = "libc++";
				CLANG_ENABLE_MODULES = YES;
				CLANG_ENABLE_OBJC_ARC = YES;
				CLANG_ENABLE_OBJC_WEAK = YES;
				CLANG_WARN_BLOCK_CAPTURE_AUTORELEASING = YES;
				CLANG_WARN_BOOL_CONVERSION = YES;
				CLANG_WARN_COMMA = YES;
				CLANG_WARN_CONSTANT_CONVERSION = YES;
				CLANG_WARN_DEPRECATED_OBJC_IMPLEMENTATIONS = YES;
				CLANG_WARN_DIRECT_OBJC_ISA_USAGE = YES_ERROR;
				CLANG_WARN_DOCUMENTATION_COMMENTS = YES;
				CLANG_WARN_EMPTY_BODY = YES;
				CLANG_WARN_ENUM_CONVERSION = YES;
				CLANG_WARN_INFINITE_RECURSION = YES;
				CLANG_WARN_INT_CONVERSION = YES;
				CLANG_WARN_NON_LITERAL_NULL_CONVERSION = YES;
				CLANG_WARN_OBJC_IMPLICIT_RETAIN_SELF = YES;
				CLANG_WARN_OBJC_LITERAL_CONVERSION = YES;
				CLANG_WARN_OBJC_ROOT_CLASS = YES_ERROR;
				CLANG_WARN_RANGE_LOOP_ANALYSIS = YES;
				CLANG_WARN_STRICT_PROTOTYPES = YES;
				CLANG_WARN_SUSPICIOUS_MOVE = YES;
				CLANG_WARN_UNGUARDED_AVAILABILITY = YES_AGGRESSIVE;
				CLANG_WARN_UNREACHABLE_CODE = YES;
				CLANG_WARN__DUPLICATE_METHOD_MATCH = YES;
				CODE_SIGN_IDENTITY = "iPhone Developer";
				COPY_PHASE_STRIP = NO;
				CURRENT_PROJECT_VERSION = 1;
				DEBUG_INFORMATION_FORMAT = dwarf;
				ENABLE_STRICT_OBJC_MSGSEND = YES;
				ENABLE_TESTABILITY = YES;
				GCC_C_LANGUAGE_STANDARD = gnu11;
				GCC_DYNAMIC_NO_PIC = NO;
				GCC_NO_COMMON_BLOCKS = YES;
				GCC_OPTIMIZATION_LEVEL = 0;
				GCC_PREPROCESSOR_DEFINITIONS = (
					"DEBUG=1",
					"$(inherited)",
				);
				GCC_WARN_64_TO_32_BIT_CONVERSION = YES;
				GCC_WARN_ABOUT_RETURN_TYPE = YES_ERROR;
				GCC_WARN_UNDECLARED_SELECTOR = YES;
				GCC_WARN_UNINITIALIZED_AUTOS = YES_AGGRESSIVE;
				GCC_WARN_UNUSED_FUNCTION = YES;
				GCC_WARN_UNUSED_VARIABLE = YES;
				HEADER_SEARCH_PATHS = (
					"\"$(SRCROOT)/Dependencies/OpenSSL/ios/include\"",
					"\"$(SRCROOT)/Dependencies\"",
				);
				IPHONEOS_DEPLOYMENT_TARGET = 12.0;
				MTL_ENABLE_DEBUG_INFO = INCLUDE_SOURCE;
				MTL_FAST_MATH = YES;
				ONLY_ACTIVE_ARCH = YES;
				OTHER_CFLAGS = "-DCORECRYPTO_DONOT_USE_TRANSPARENT_UNION";
				SDKROOT = iphoneos;
				SUPPORTED_PLATFORMS = "iphonesimulator iphoneos";
				VERSIONING_SYSTEM = "apple-generic";
				VERSION_INFO_PREFIX = "";
			};
			name = Debug;
		};
		BF5AB3A02285FDB200DC914B /* Release */ = {
			isa = XCBuildConfiguration;
			buildSettings = {
				ALWAYS_SEARCH_USER_PATHS = NO;
				CLANG_ANALYZER_NONNULL = YES;
				CLANG_ANALYZER_NUMBER_OBJECT_CONVERSION = YES_AGGRESSIVE;
				CLANG_CXX_LANGUAGE_STANDARD = "gnu++14";
				CLANG_CXX_LIBRARY = "libc++";
				CLANG_ENABLE_MODULES = YES;
				CLANG_ENABLE_OBJC_ARC = YES;
				CLANG_ENABLE_OBJC_WEAK = YES;
				CLANG_WARN_BLOCK_CAPTURE_AUTORELEASING = YES;
				CLANG_WARN_BOOL_CONVERSION = YES;
				CLANG_WARN_COMMA = YES;
				CLANG_WARN_CONSTANT_CONVERSION = YES;
				CLANG_WARN_DEPRECATED_OBJC_IMPLEMENTATIONS = YES;
				CLANG_WARN_DIRECT_OBJC_ISA_USAGE = YES_ERROR;
				CLANG_WARN_DOCUMENTATION_COMMENTS = YES;
				CLANG_WARN_EMPTY_BODY = YES;
				CLANG_WARN_ENUM_CONVERSION = YES;
				CLANG_WARN_INFINITE_RECURSION = YES;
				CLANG_WARN_INT_CONVERSION = YES;
				CLANG_WARN_NON_LITERAL_NULL_CONVERSION = YES;
				CLANG_WARN_OBJC_IMPLICIT_RETAIN_SELF = YES;
				CLANG_WARN_OBJC_LITERAL_CONVERSION = YES;
				CLANG_WARN_OBJC_ROOT_CLASS = YES_ERROR;
				CLANG_WARN_RANGE_LOOP_ANALYSIS = YES;
				CLANG_WARN_STRICT_PROTOTYPES = YES;
				CLANG_WARN_SUSPICIOUS_MOVE = YES;
				CLANG_WARN_UNGUARDED_AVAILABILITY = YES_AGGRESSIVE;
				CLANG_WARN_UNREACHABLE_CODE = YES;
				CLANG_WARN__DUPLICATE_METHOD_MATCH = YES;
				CODE_SIGN_IDENTITY = "iPhone Developer";
				COPY_PHASE_STRIP = NO;
				CURRENT_PROJECT_VERSION = 1;
				DEBUG_INFORMATION_FORMAT = "dwarf-with-dsym";
				ENABLE_NS_ASSERTIONS = NO;
				ENABLE_STRICT_OBJC_MSGSEND = YES;
				GCC_C_LANGUAGE_STANDARD = gnu11;
				GCC_NO_COMMON_BLOCKS = YES;
				GCC_WARN_64_TO_32_BIT_CONVERSION = YES;
				GCC_WARN_ABOUT_RETURN_TYPE = YES_ERROR;
				GCC_WARN_UNDECLARED_SELECTOR = YES;
				GCC_WARN_UNINITIALIZED_AUTOS = YES_AGGRESSIVE;
				GCC_WARN_UNUSED_FUNCTION = YES;
				GCC_WARN_UNUSED_VARIABLE = YES;
				HEADER_SEARCH_PATHS = (
					"\"$(SRCROOT)/Dependencies/OpenSSL/ios/include\"",
					"\"$(SRCROOT)/Dependencies\"",
				);
				IPHONEOS_DEPLOYMENT_TARGET = 12.0;
				MTL_ENABLE_DEBUG_INFO = NO;
				MTL_FAST_MATH = YES;
				OTHER_CFLAGS = "-DCORECRYPTO_DONOT_USE_TRANSPARENT_UNION";
				SDKROOT = iphoneos;
				SUPPORTED_PLATFORMS = "iphonesimulator iphoneos";
				VALIDATE_PRODUCT = YES;
				VERSIONING_SYSTEM = "apple-generic";
				VERSION_INFO_PREFIX = "";
			};
			name = Release;
		};
		BF5AB3A22285FDB200DC914B /* Debug */ = {
			isa = XCBuildConfiguration;
			buildSettings = {
				APPLICATION_EXTENSION_API_ONLY = YES;
				CLANG_WARN_DOCUMENTATION_COMMENTS = NO;
				CODE_SIGN_IDENTITY = "";
				CODE_SIGN_STYLE = Manual;
				DEFINES_MODULE = YES;
				DEVELOPMENT_TEAM = "";
				DYLIB_COMPATIBILITY_VERSION = 1;
				DYLIB_CURRENT_VERSION = 1;
				DYLIB_INSTALL_NAME_BASE = "@rpath";
				INFOPLIST_FILE = AltSign/Info.plist;
				INSTALL_PATH = "$(LOCAL_LIBRARY_DIR)/Frameworks";
				LD_RUNPATH_SEARCH_PATHS = (
					"$(inherited)",
					"@executable_path/Frameworks",
					"@loader_path/Frameworks",
				);
				PRODUCT_BUNDLE_IDENTIFIER = com.rileytestut.AltSign;
				PRODUCT_NAME = "$(TARGET_NAME:c99extidentifier)";
				PROVISIONING_PROFILE_SPECIFIER = "";
				SKIP_INSTALL = YES;
				TARGETED_DEVICE_FAMILY = "1,2";
			};
			name = Debug;
		};
		BF5AB3A32285FDB200DC914B /* Release */ = {
			isa = XCBuildConfiguration;
			buildSettings = {
				APPLICATION_EXTENSION_API_ONLY = YES;
				CLANG_WARN_DOCUMENTATION_COMMENTS = NO;
				CODE_SIGN_IDENTITY = "";
				CODE_SIGN_STYLE = Manual;
				DEFINES_MODULE = YES;
				DEVELOPMENT_TEAM = "";
				DYLIB_COMPATIBILITY_VERSION = 1;
				DYLIB_CURRENT_VERSION = 1;
				DYLIB_INSTALL_NAME_BASE = "@rpath";
				INFOPLIST_FILE = AltSign/Info.plist;
				INSTALL_PATH = "$(LOCAL_LIBRARY_DIR)/Frameworks";
				LD_RUNPATH_SEARCH_PATHS = (
					"$(inherited)",
					"@executable_path/Frameworks",
					"@loader_path/Frameworks",
				);
				PRODUCT_BUNDLE_IDENTIFIER = com.rileytestut.AltSign;
				PRODUCT_NAME = "$(TARGET_NAME:c99extidentifier)";
				PROVISIONING_PROFILE_SPECIFIER = "";
				SKIP_INSTALL = YES;
				TARGETED_DEVICE_FAMILY = "1,2";
			};
			name = Release;
		};
		BF9B639C229DCF3A002F0A62 /* Debug */ = {
			isa = XCBuildConfiguration;
			buildSettings = {
				CLANG_WARN_DOCUMENTATION_COMMENTS = NO;
				CODE_SIGN_IDENTITY = "";
				CODE_SIGN_STYLE = Manual;
				DEFINES_MODULE = YES;
				DEVELOPMENT_TEAM = "";
				DYLIB_COMPATIBILITY_VERSION = 1;
				DYLIB_CURRENT_VERSION = 1;
				DYLIB_INSTALL_NAME_BASE = "@rpath";
				INFOPLIST_FILE = AltSign/Info.plist;
				INSTALL_PATH = "$(LOCAL_LIBRARY_DIR)/Frameworks";
				LD_RUNPATH_SEARCH_PATHS = (
					"$(inherited)",
					"@executable_path/Frameworks",
					"@loader_path/Frameworks",
				);
				MACOSX_DEPLOYMENT_TARGET = 10.14;
				PRODUCT_BUNDLE_IDENTIFIER = com.rileytestut.AltSign;
				PRODUCT_NAME = AltSign;
				PROVISIONING_PROFILE_SPECIFIER = "";
				SKIP_INSTALL = YES;
				SUPPORTED_PLATFORMS = macosx;
				TARGETED_DEVICE_FAMILY = "1,2";
			};
			name = Debug;
		};
		BF9B639D229DCF3A002F0A62 /* Release */ = {
			isa = XCBuildConfiguration;
			buildSettings = {
				CLANG_WARN_DOCUMENTATION_COMMENTS = NO;
				CODE_SIGN_IDENTITY = "";
				CODE_SIGN_STYLE = Manual;
				DEFINES_MODULE = YES;
				DEVELOPMENT_TEAM = "";
				DYLIB_COMPATIBILITY_VERSION = 1;
				DYLIB_CURRENT_VERSION = 1;
				DYLIB_INSTALL_NAME_BASE = "@rpath";
				INFOPLIST_FILE = AltSign/Info.plist;
				INSTALL_PATH = "$(LOCAL_LIBRARY_DIR)/Frameworks";
				LD_RUNPATH_SEARCH_PATHS = (
					"$(inherited)",
					"@executable_path/Frameworks",
					"@loader_path/Frameworks",
				);
				MACOSX_DEPLOYMENT_TARGET = 10.14;
				PRODUCT_BUNDLE_IDENTIFIER = com.rileytestut.AltSign;
				PRODUCT_NAME = AltSign;
				PROVISIONING_PROFILE_SPECIFIER = "";
				SKIP_INSTALL = YES;
				SUPPORTED_PLATFORMS = macosx;
				TARGETED_DEVICE_FAMILY = "1,2";
			};
			name = Release;
		};
		BFBAC8B12295ED1900587369 /* Debug */ = {
			isa = XCBuildConfiguration;
			buildSettings = {
				CODE_SIGN_STYLE = Automatic;
				DEVELOPMENT_TEAM = 6XVY5G3U44;
				GCC_WARN_INHIBIT_ALL_WARNINGS = YES;
				HEADER_SEARCH_PATHS = (
					"$(inherited)",
					"\"$(SRCROOT)/Dependencies/ldid/libplist/include\"",
					"\"$(SRCROOT)/Dependencies/ldid/libplist/src\"",
					"\"$(SRCROOT)/Dependencies/ldid/libplist/libcnary/include\"",
					"\"${SDKROOT}/usr/include/libxml2\"",
				);
				IPHONEOS_DEPLOYMENT_TARGET = 12.0;
				MACOSX_DEPLOYMENT_TARGET = 10.14;
				OTHER_LDFLAGS = "-ObjC";
				PRODUCT_NAME = "$(TARGET_NAME)";
				SKIP_INSTALL = YES;
				SUPPORTED_PLATFORMS = "iphonesimulator iphoneos macosx";
				TARGETED_DEVICE_FAMILY = "1,2";
			};
			name = Debug;
		};
		BFBAC8B22295ED1900587369 /* Release */ = {
			isa = XCBuildConfiguration;
			buildSettings = {
				CODE_SIGN_STYLE = Automatic;
				DEVELOPMENT_TEAM = 6XVY5G3U44;
				GCC_WARN_INHIBIT_ALL_WARNINGS = YES;
				HEADER_SEARCH_PATHS = (
					"$(inherited)",
					"\"$(SRCROOT)/Dependencies/ldid/libplist/include\"",
					"\"$(SRCROOT)/Dependencies/ldid/libplist/src\"",
					"\"$(SRCROOT)/Dependencies/ldid/libplist/libcnary/include\"",
					"\"${SDKROOT}/usr/include/libxml2\"",
				);
				IPHONEOS_DEPLOYMENT_TARGET = 12.0;
				MACOSX_DEPLOYMENT_TARGET = 10.14;
				OTHER_LDFLAGS = "-ObjC";
				PRODUCT_NAME = "$(TARGET_NAME)";
				SKIP_INSTALL = YES;
				SUPPORTED_PLATFORMS = "iphonesimulator iphoneos macosx";
				TARGETED_DEVICE_FAMILY = "1,2";
			};
			name = Release;
		};
/* End XCBuildConfiguration section */

/* Begin XCConfigurationList section */
		BF5AB3932285FDB200DC914B /* Build configuration list for PBXProject "AltSign" */ = {
			isa = XCConfigurationList;
			buildConfigurations = (
				BF5AB39F2285FDB200DC914B /* Debug */,
				BF5AB3A02285FDB200DC914B /* Release */,
			);
			defaultConfigurationIsVisible = 0;
			defaultConfigurationName = Release;
		};
		BF5AB3A12285FDB200DC914B /* Build configuration list for PBXNativeTarget "AltSign" */ = {
			isa = XCConfigurationList;
			buildConfigurations = (
				BF5AB3A22285FDB200DC914B /* Debug */,
				BF5AB3A32285FDB200DC914B /* Release */,
			);
			defaultConfigurationIsVisible = 0;
			defaultConfigurationName = Release;
		};
		BF9B639B229DCF3A002F0A62 /* Build configuration list for PBXNativeTarget "AltSign-macOS" */ = {
			isa = XCConfigurationList;
			buildConfigurations = (
				BF9B639C229DCF3A002F0A62 /* Debug */,
				BF9B639D229DCF3A002F0A62 /* Release */,
			);
			defaultConfigurationIsVisible = 0;
			defaultConfigurationName = Release;
		};
		BFBAC8B02295ED1900587369 /* Build configuration list for PBXNativeTarget "ldid" */ = {
			isa = XCConfigurationList;
			buildConfigurations = (
				BFBAC8B12295ED1900587369 /* Debug */,
				BFBAC8B22295ED1900587369 /* Release */,
			);
			defaultConfigurationIsVisible = 0;
			defaultConfigurationName = Release;
		};
/* End XCConfigurationList section */
	};
	rootObject = BF5AB3902285FDB200DC914B /* Project object */;
}
